{
  "name": "@cryptoeconomicslab/coder",
  "version": "0.0.38",
  "lockfileVersion": 1,
  "requires": true,
  "dependencies": {
    "jsbi": {
      "version": "3.1.2",
      "resolved": "https://registry.npmjs.org/jsbi/-/jsbi-3.1.2.tgz",
      "integrity": "sha512-5nDXo1X9QVaXK/Cpb5VECV9ss1QPbjUuk1qSruHB1PK/g39Sd414K4nci99ElFDZv0vzxDEnKn3o49/Tn9Yagw=="
    }
  }
}
