{
	"name": "@cryptoeconomicslab/eth-contract",
	"version": "0.0.10",
	"lockfileVersion": 1,
	"requires": true,
	"dependencies": {
		"@cryptoeconomicslab/coder": {
			"version": "0.0.37",
			"resolved": "https://registry.npmjs.org/@cryptoeconomicslab/coder/-/coder-0.0.37.tgz",
			"integrity": "sha512-00+Ru9R3ZP3txxFk4sS2BPnuSXZQuYUx19cUHFy/CAIXfros1etTK309ck12MA4NWV4dZbu2td4fdDLRRcMsHw==",
			"requires": {
				"jsbi": "^3.1.2"
			}
		},
		"@cryptoeconomicslab/context": {
			"version": "0.0.37",
			"resolved": "https://registry.npmjs.org/@cryptoeconomicslab/context/-/context-0.0.37.tgz",
			"integrity": "sha512-OXefCRoHk4VQXRZZSJ5v6JBIE13E3DB0fZGxTJSjnOcFz1XqWAGRkhZ6Ift+h+NUG5hDVFVad5UxmYIwzPca4w=="
		},
		"@cryptoeconomicslab/contract": {
			"version": "0.0.37",
			"resolved": "https://registry.npmjs.org/@cryptoeconomicslab/contract/-/contract-0.0.37.tgz",
			"integrity": "sha512-Ape+Hd/WZxYHSeaTBKuN9VPQ/WpOmDmGCrMUmvFerArqMBHbHCXFGXyBkD3I4Gsmd/4HVMnGQIu7B/X99pXohg==",
			"requires": {
				"@cryptoeconomicslab/coder": "^0.0.37",
				"@cryptoeconomicslab/db": "^0.0.37",
				"@cryptoeconomicslab/ovm": "^0.0.37"
			}
		},
		"@cryptoeconomicslab/db": {
			"version": "0.0.37",
			"resolved": "https://registry.npmjs.org/@cryptoeconomicslab/db/-/db-0.0.37.tgz",
			"integrity": "sha512-J1n+b1bpMtEZzrkQUqX+vc2OLuqlUQinw45rnNFIZjDVthUgcLAPx2/PDdqa63VdZbgpjWDuedHubj78UzlplQ==",
			"requires": {
				"@cryptoeconomicslab/coder": "^0.0.37",
				"@cryptoeconomicslab/context": "^0.0.37",
				"@cryptoeconomicslab/utils": "^0.0.37",
				"abstract-leveldown": "^6.2.2",
				"jsbi": "^3.1.2"
			}
		},
		"@cryptoeconomicslab/hash": {
			"version": "0.0.37",
			"resolved": "https://registry.npmjs.org/@cryptoeconomicslab/hash/-/hash-0.0.37.tgz",
			"integrity": "sha512-JrftC2XeqikSqrobv6BjtccKPUJQEaS6UyUmiVr4i6EKksqYzIjLwdpCuK7/MxUxy9RM3DOcpd8H9AqMoTuGgg==",
			"requires": {
				"ethers": "^4.0.46"
			}
		},
		"@cryptoeconomicslab/ovm": {
			"version": "0.0.37",
			"resolved": "https://registry.npmjs.org/@cryptoeconomicslab/ovm/-/ovm-0.0.37.tgz",
			"integrity": "sha512-ej0n7KwX8GfQiwNgRBepLdoFw2EQjCaWhVYIOzlkxiYWWrBUMYE5wOCHo6MaUKTSXUIn6cEWeArTxE+L68NH+Q==",
			"requires": {
				"@cryptoeconomicslab/coder": "^0.0.37",
				"@cryptoeconomicslab/db": "^0.0.37",
				"@cryptoeconomicslab/hash": "^0.0.37",
				"@cryptoeconomicslab/ovm-parser": "^0.2.12",
				"@cryptoeconomicslab/ovm-transpiler": "^0.2.13",
				"@cryptoeconomicslab/primitives": "^0.0.37",
				"@cryptoeconomicslab/signature": "^0.0.37",
				"@cryptoeconomicslab/utils": "^0.0.37",
				"jsbi": "^3.1.2"
			},
			"dependencies": {
				"@cryptoeconomicslab/primitives": {
					"version": "0.0.37",
					"resolved": "https://registry.npmjs.org/@cryptoeconomicslab/primitives/-/primitives-0.0.37.tgz",
					"integrity": "sha512-22MYdueHjyDaDguieiD9xPThG2QrI+bCPOD/K7PlHDasQw+LnRd+vdgKJMX1L2K6gbKiImuMz4O0TAcOV15mgw==",
					"requires": {
						"jsbi": "^3.1.2",
						"text-encoding": "^0.7.0"
					}
				}
			}
		},
		"@cryptoeconomicslab/ovm-parser": {
			"version": "0.2.12",
			"resolved": "https://registry.npmjs.org/@cryptoeconomicslab/ovm-parser/-/ovm-parser-0.2.12.tgz",
			"integrity": "sha512-VI3ipsMAnom9slIc0jjSW4Ff9BBRluu1p1QqKDm+IAFDBtdxJhbu5K6bBeO8aAhRnvTVn6URJm/sCKC2vXYykg==",
			"requires": {
				"pegjs": "^0.10.0",
				"tslib": "^1.11.1"
			}
		},
		"@cryptoeconomicslab/ovm-transpiler": {
			"version": "0.2.13",
			"resolved": "https://registry.npmjs.org/@cryptoeconomicslab/ovm-transpiler/-/ovm-transpiler-0.2.13.tgz",
			"integrity": "sha512-U88VpHAJJAiT26slYntFvB/++PlkNxa8VO3sVErJnf4e7iTpDR9AYDnVH3B7Rdc0/XvmI47QwuivkYgz7Xue1w==",
			"requires": {
				"@cryptoeconomicslab/coder": "^0.0.36",
				"@cryptoeconomicslab/context": "^0.0.36",
				"@cryptoeconomicslab/ovm-parser": "^0.2.12",
				"tslib": "^1.11.1"
			},
			"dependencies": {
				"@cryptoeconomicslab/coder": {
					"version": "0.0.36",
					"resolved": "https://registry.npmjs.org/@cryptoeconomicslab/coder/-/coder-0.0.36.tgz",
					"integrity": "sha512-qhGDR6bumjT7Zxjo6kP77OJGqQUen1g0LWvGO4269fHAExL+10WERJwVr/2wTEjRJM2V56flAEaK1OtyVv7YUg==",
					"requires": {
						"jsbi": "^3.1.1"
					}
				},
				"@cryptoeconomicslab/context": {
					"version": "0.0.36",
					"resolved": "https://registry.npmjs.org/@cryptoeconomicslab/context/-/context-0.0.36.tgz",
					"integrity": "sha512-TZEkSxp1NEFo1aTHzsncsxHtLglLDAqZSGuJirtSob/43zFHCa5LsuJTDRmTJ3T5hfzaLuShwvt+cLfPcGHF9w=="
				}
			}
		},
		"@cryptoeconomicslab/primitives": {
			"version": "0.0.37",
			"resolved": "https://registry.npmjs.org/@cryptoeconomicslab/primitives/-/primitives-0.0.37.tgz",
			"integrity": "sha512-22MYdueHjyDaDguieiD9xPThG2QrI+bCPOD/K7PlHDasQw+LnRd+vdgKJMX1L2K6gbKiImuMz4O0TAcOV15mgw==",
			"dev": true,
			"requires": {
				"jsbi": "^3.1.2",
				"text-encoding": "^0.7.0"
			}
		},
		"@cryptoeconomicslab/signature": {
			"version": "0.0.37",
			"resolved": "https://registry.npmjs.org/@cryptoeconomicslab/signature/-/signature-0.0.37.tgz",
			"integrity": "sha512-meNkIfrfIgywS2gjLG1Zh/gjcKRt4ZLdfbRp1q/JbOkmN9o+n+fiR9pog4Nb3jjughAQJL4FmLEQ0BdXebRK1A==",
			"requires": {
				"ethers": "^4.0.46",
				"tweetnacl": "^1.0.3"
			}
		},
		"@cryptoeconomicslab/utils": {
			"version": "0.0.37",
			"resolved": "https://registry.npmjs.org/@cryptoeconomicslab/utils/-/utils-0.0.37.tgz",
			"integrity": "sha512-Nrx2lPaUmLlKWZ8m6RCDN/0KyJ+RSM3zSb8HTWFWpWtrBMRs30ZLz5FBCmUVPrgidYA0hFmaUHx+E3ZG1mb3LQ==",
			"requires": {
				"jsbi": "^3.1.2"
			}
		},
		"abstract-leveldown": {
			"version": "6.2.2",
			"resolved": "https://registry.npmjs.org/abstract-leveldown/-/abstract-leveldown-6.2.2.tgz",
			"integrity": "sha512-/a+Iwj0rn//CX0EJOasNyZJd2o8xur8Ce9C57Sznti/Ilt/cb6Qd8/k98A4ZOklXgTG+iAYYUs1OTG0s1eH+zQ==",
			"requires": {
				"level-concat-iterator": "~2.0.0",
				"level-supports": "~1.0.0",
				"xtend": "~4.0.0"
			}
		},
		"aes-js": {
			"version": "3.0.0",
			"resolved": "https://registry.npmjs.org/aes-js/-/aes-js-3.0.0.tgz",
			"integrity": "sha1-4h3xCtbCBTKVvLuNq0Cwnb6ofk0="
		},
		"bn.js": {
			"version": "4.11.8",
			"resolved": "https://registry.npmjs.org/bn.js/-/bn.js-4.11.8.tgz",
			"integrity": "sha512-ItfYfPLkWHUjckQCk8xC+LwxgK8NYcXywGigJgSwOP8Y2iyWT4f2vsZnoOXTTbo+o5yXmIUJ4gn5538SO5S3gA=="
		},
		"brorand": {
			"version": "1.1.0",
			"resolved": "https://registry.npmjs.org/brorand/-/brorand-1.1.0.tgz",
			"integrity": "sha1-EsJe/kCkXjwyPrhnWgoM5XsiNx8="
		},
		"elliptic": {
			"version": "6.5.2",
			"resolved": "https://registry.npmjs.org/elliptic/-/elliptic-6.5.2.tgz",
			"integrity": "sha512-f4x70okzZbIQl/NSRLkI/+tteV/9WqL98zx+SQ69KbXxmVrmjwsNUPn/gYJJ0sHvEak24cZgHIPegRePAtA/xw==",
			"requires": {
				"bn.js": "^4.4.0",
				"brorand": "^1.0.1",
				"hash.js": "^1.0.0",
				"hmac-drbg": "^1.0.0",
				"inherits": "^2.0.1",
				"minimalistic-assert": "^1.0.0",
				"minimalistic-crypto-utils": "^1.0.0"
			}
		},
		"ethers": {
			"version": "4.0.46",
			"resolved": "https://registry.npmjs.org/ethers/-/ethers-4.0.46.tgz",
			"integrity": "sha512-/dPMzzpInhtiip4hKFvsDiJKeRk64IhyA+Po7CtNXneQFSOCYXg8eBFt+jXbxUQyApgWnWOtYxWdfn9+CvvxDA==",
			"requires": {
				"aes-js": "3.0.0",
				"bn.js": "^4.4.0",
				"elliptic": "6.5.2",
				"hash.js": "1.1.3",
				"js-sha3": "0.5.7",
				"scrypt-js": "2.0.4",
				"setimmediate": "1.0.4",
				"uuid": "2.0.1",
				"xmlhttprequest": "1.8.0"
			}
		},
		"hash.js": {
			"version": "1.1.3",
			"resolved": "https://registry.npmjs.org/hash.js/-/hash.js-1.1.3.tgz",
			"integrity": "sha512-/UETyP0W22QILqS+6HowevwhEFJ3MBJnwTf75Qob9Wz9t0DPuisL8kW8YZMK62dHAKE1c1p+gY1TtOLY+USEHA==",
			"requires": {
				"inherits": "^2.0.3",
				"minimalistic-assert": "^1.0.0"
			}
		},
		"hmac-drbg": {
			"version": "1.0.1",
			"resolved": "https://registry.npmjs.org/hmac-drbg/-/hmac-drbg-1.0.1.tgz",
			"integrity": "sha1-0nRXAQJabHdabFRXk+1QL8DGSaE=",
			"requires": {
				"hash.js": "^1.0.3",
				"minimalistic-assert": "^1.0.0",
				"minimalistic-crypto-utils": "^1.0.1"
			}
		},
		"inherits": {
			"version": "2.0.4",
			"resolved": "https://registry.npmjs.org/inherits/-/inherits-2.0.4.tgz",
			"integrity": "sha512-k/vGaX4/Yla3WzyMCvTQOXYeIHvqOKtnqBduzTHpzpQZzAskKMhZ2K+EnBiSM9zGSoIFeMpXKxa4dYeZIQqewQ=="
		},
		"js-sha3": {
			"version": "0.5.7",
			"resolved": "https://registry.npmjs.org/js-sha3/-/js-sha3-0.5.7.tgz",
			"integrity": "sha1-DU/9gALVMzqrr0oj7tL2N0yfKOc="
		},
		"jsbi": {
			"version": "3.1.2",
			"resolved": "https://registry.npmjs.org/jsbi/-/jsbi-3.1.2.tgz",
			"integrity": "sha512-5nDXo1X9QVaXK/Cpb5VECV9ss1QPbjUuk1qSruHB1PK/g39Sd414K4nci99ElFDZv0vzxDEnKn3o49/Tn9Yagw=="
		},
		"level-concat-iterator": {
			"version": "2.0.1",
			"resolved": "https://registry.npmjs.org/level-concat-iterator/-/level-concat-iterator-2.0.1.tgz",
			"integrity": "sha512-OTKKOqeav2QWcERMJR7IS9CUo1sHnke2C0gkSmcR7QuEtFNLLzHQAvnMw8ykvEcv0Qtkg0p7FOwP1v9e5Smdcw=="
		},
		"level-supports": {
			"version": "1.0.1",
			"resolved": "https://registry.npmjs.org/level-supports/-/level-supports-1.0.1.tgz",
			"integrity": "sha512-rXM7GYnW8gsl1vedTJIbzOrRv85c/2uCMpiiCzO2fndd06U/kUXEEU9evYn4zFggBOg36IsBW8LzqIpETwwQzg==",
			"requires": {
				"xtend": "^4.0.2"
			}
		},
		"minimalistic-assert": {
			"version": "1.0.1",
			"resolved": "https://registry.npmjs.org/minimalistic-assert/-/minimalistic-assert-1.0.1.tgz",
			"integrity": "sha512-UtJcAD4yEaGtjPezWuO9wC4nwUnVH/8/Im3yEHQP4b67cXlD/Qr9hdITCU1xDbSEXg2XKNaP8jsReV7vQd00/A=="
		},
		"minimalistic-crypto-utils": {
			"version": "1.0.1",
			"resolved": "https://registry.npmjs.org/minimalistic-crypto-utils/-/minimalistic-crypto-utils-1.0.1.tgz",
			"integrity": "sha1-9sAMHAsIIkblxNmd+4x8CDsrWCo="
		},
		"pegjs": {
			"version": "0.10.0",
			"resolved": "https://registry.npmjs.org/pegjs/-/pegjs-0.10.0.tgz",
			"integrity": "sha1-z4uvrm7d/0tafvsYUmnqr0YQ3b0="
		},
		"scrypt-js": {
			"version": "2.0.4",
			"resolved": "https://registry.npmjs.org/scrypt-js/-/scrypt-js-2.0.4.tgz",
			"integrity": "sha512-4KsaGcPnuhtCZQCxFxN3GVYIhKFPTdLd8PLC552XwbMndtD0cjRFAhDuuydXQ0h08ZfPgzqe6EKHozpuH74iDw=="
		},
		"setimmediate": {
			"version": "1.0.4",
			"resolved": "https://registry.npmjs.org/setimmediate/-/setimmediate-1.0.4.tgz",
			"integrity": "sha1-IOgd5iLUoCWIzgyNqJc8vPHTE48="
		},
		"text-encoding": {
			"version": "0.7.0",
			"resolved": "https://registry.npmjs.org/text-encoding/-/text-encoding-0.7.0.tgz",
			"integrity": "sha512-oJQ3f1hrOnbRLOcwKz0Liq2IcrvDeZRHXhd9RgLrsT+DjWY/nty1Hi7v3dtkaEYbPYe0mUoOfzRrMwfXXwgPUA=="
		},
		"tslib": {
			"version": "1.11.1",
			"resolved": "https://registry.npmjs.org/tslib/-/tslib-1.11.1.tgz",
			"integrity": "sha512-aZW88SY8kQbU7gpV19lN24LtXh/yD4ZZg6qieAJDDg+YBsJcSmLGK9QpnUjAKVG/xefmvJGd1WUmfpT/g6AJGA=="
		},
		"tweetnacl": {
			"version": "1.0.3",
			"resolved": "https://registry.npmjs.org/tweetnacl/-/tweetnacl-1.0.3.tgz",
			"integrity": "sha512-6rt+RN7aOi1nGMyC4Xa5DdYiukl2UWCbcJft7YhxReBGQD7OAM8Pbxw6YMo4r2diNEA8FEmu32YOn9rhaiE5yw=="
		},
		"uuid": {
			"version": "2.0.1",
			"resolved": "https://registry.npmjs.org/uuid/-/uuid-2.0.1.tgz",
			"integrity": "sha1-wqMN7bPlNdcsz4LjQ5QaULqFM6w="
		},
		"xmlhttprequest": {
			"version": "1.8.0",
			"resolved": "https://registry.npmjs.org/xmlhttprequest/-/xmlhttprequest-1.8.0.tgz",
			"integrity": "sha1-Z/4HXFwk/vOfnWX197f+dRcZaPw="
		},
		"xtend": {
			"version": "4.0.2",
			"resolved": "https://registry.npmjs.org/xtend/-/xtend-4.0.2.tgz",
			"integrity": "sha512-LKYU1iAXJXUgAXn9URjiu+MWhyUXHsvfp7mcuYm9dSUKK0/CjtrUwFAxD82/mCWbtLsGjFIad0wIsod4zrTAEQ=="
		}
	}
}
