{
  "name": "@cryptoeconomicslab/plasma",
  "version": "0.0.7",
  "lockfileVersion": 1,
  "requires": true,
  "dependencies": {
    "@cryptoeconomicslab/coder": {
      "version": "0.0.5",
      "dev": true,
      "dependencies": {
        "@cryptoeconomicslab/primitives": {
          "version": "0.0.5",
          "bundled": true,
          "requires": {
            "text-encoding": "^0.7.0"
          }
        },
        "text-encoding": {
          "version": "0.7.0",
          "bundled": true
        }
      }
    },
    "@cryptoeconomicslab/context": {
      "version": "0.0.5",
      "dev": true,
      "dependencies": {
        "@cryptoeconomicslab/coder": {
          "bundled": true,
          "dependencies": {
            "@cryptoeconomicslab/primitives": {
              "version": "0.0.5",
              "bundled": true,
              "requires": {
                "text-encoding": "^0.7.0"
              }
            },
            "text-encoding": {
              "version": "0.7.0",
              "bundled": true
            }
          }
        },
        "@cryptoeconomicslab/primitives": {
          "version": "0.0.5",
          "bundled": true,
          "requires": {
            "text-encoding": "^0.7.0"
          }
        },
        "text-encoding": {
          "version": "0.7.0",
          "bundled": true
        }
      }
    },
    "@cryptoeconomicslab/db": {
      "version": "0.0.5",
      "requires": {
        "@cryptoeconomicslab/utils": "^0.0.5",
        "abstract-leveldown": "^6.2.2"
      },
      "dependencies": {
        "@cryptoeconomicslab/db": {
          "version": "0.0.3",
          "bundled": true,
          "requires": {
            "@cryptoeconomicslab/primitives": "^0.0.3",
            "@cryptoeconomicslab/utils": "^0.0.3"
          },
          "dependencies": {
            "@cryptoeconomicslab/primitives": {
              "version": "0.0.3",
              "bundled": true,
              "requires": {
                "text-encoding": "^0.7.0"
              }
            },
            "@cryptoeconomicslab/utils": {
              "version": "0.0.3",
              "bundled": true,
              "requires": {
                "@cryptoeconomicslab/primitives": "^0.0.3"
              }
            }
          }
        },
        "@cryptoeconomicslab/level-kvs": {
          "version": "0.0.2",
          "bundled": true,
          "requires": {
            "@cryptoeconomicslab/primitives": "0.0.3",
            "levelup": "^4.3.2",
            "memdown": "^5.1.0"
          },
          "dependencies": {
            "@cryptoeconomicslab/primitives": {
              "version": "0.0.3",
              "bundled": true,
              "requires": {
                "text-encoding": "^0.7.0"
              }
            }
          }
        },
        "@cryptoeconomicslab/primitives": {
          "version": "0.0.5",
          "bundled": true,
          "requires": {
            "text-encoding": "^0.7.0"
          }
        },
        "@cryptoeconomicslab/utils": {
          "version": "0.0.5",
          "bundled": true,
          "requires": {
            "@cryptoeconomicslab/primitives": "^0.0.5"
          }
        },
        "abstract-leveldown": {
          "version": "6.2.2",
          "bundled": true,
          "requires": {
            "level-concat-iterator": "~2.0.0",
            "level-supports": "~1.0.0",
            "xtend": "~4.0.0"
          }
        },
        "deferred-leveldown": {
          "version": "5.3.0",
          "bundled": true,
          "requires": {
            "abstract-leveldown": "~6.2.1",
            "inherits": "^2.0.3"
          }
        },
        "errno": {
          "version": "0.1.7",
          "bundled": true,
          "requires": {
            "prr": "~1.0.1"
          }
        },
        "functional-red-black-tree": {
          "version": "1.0.1",
          "bundled": true
        },
        "immediate": {
          "version": "3.2.3",
          "bundled": true
        },
        "inherits": {
          "version": "2.0.4",
          "bundled": true
        },
        "level-concat-iterator": {
          "version": "2.0.1",
          "bundled": true
        },
        "level-errors": {
          "version": "2.0.1",
          "bundled": true,
          "requires": {
            "errno": "~0.1.1"
          }
        },
        "level-iterator-stream": {
          "version": "4.0.2",
          "bundled": true,
          "requires": {
            "inherits": "^2.0.4",
            "readable-stream": "^3.4.0",
            "xtend": "^4.0.2"
          }
        },
        "level-supports": {
          "version": "1.0.1",
          "bundled": true,
          "requires": {
            "xtend": "^4.0.2"
          }
        },
        "levelup": {
          "version": "4.3.2",
          "bundled": true,
          "requires": {
            "deferred-leveldown": "~5.3.0",
            "level-errors": "~2.0.0",
            "level-iterator-stream": "~4.0.0",
            "level-supports": "~1.0.0",
            "xtend": "~4.0.0"
          }
        },
        "ltgt": {
          "version": "2.2.1",
          "bundled": true
        },
        "memdown": {
          "version": "5.1.0",
          "bundled": true,
          "requires": {
            "abstract-leveldown": "~6.2.1",
            "functional-red-black-tree": "~1.0.1",
            "immediate": "~3.2.3",
            "inherits": "~2.0.1",
            "ltgt": "~2.2.0",
            "safe-buffer": "~5.2.0"
          }
        },
        "prr": {
          "version": "1.0.1",
          "bundled": true
        },
        "readable-stream": {
          "version": "3.5.0",
          "bundled": true,
          "requires": {
            "inherits": "^2.0.3",
            "string_decoder": "^1.1.1",
            "util-deprecate": "^1.0.1"
          }
        },
        "safe-buffer": {
          "version": "5.2.0",
          "bundled": true
        },
        "string_decoder": {
          "version": "1.3.0",
          "bundled": true,
          "requires": {
            "safe-buffer": "~5.2.0"
          }
        },
        "text-encoding": {
          "version": "0.7.0",
          "bundled": true
        },
        "util-deprecate": {
          "version": "1.0.2",
          "bundled": true
        },
        "xtend": {
          "version": "4.0.2",
          "bundled": true
        }
      }
    },
    "@cryptoeconomicslab/hash": {
      "version": "0.0.5",
      "requires": {
        "ethers": "^4.0.43"
      },
      "dependencies": {
        "@cryptoeconomicslab/primitives": {
          "version": "0.0.5",
          "bundled": true,
          "requires": {
            "text-encoding": "^0.7.0"
          }
        },
        "aes-js": {
          "version": "3.0.0",
          "bundled": true
        },
        "bn.js": {
          "version": "4.11.8",
          "bundled": true
        },
        "brorand": {
          "version": "1.1.0",
          "bundled": true
        },
        "elliptic": {
          "version": "6.5.2",
          "bundled": true,
          "requires": {
            "bn.js": "^4.4.0",
            "brorand": "^1.0.1",
            "hash.js": "^1.0.0",
            "hmac-drbg": "^1.0.0",
            "inherits": "^2.0.1",
            "minimalistic-assert": "^1.0.0",
            "minimalistic-crypto-utils": "^1.0.0"
          }
        },
        "ethers": {
          "version": "4.0.43",
          "bundled": true,
          "requires": {
            "aes-js": "3.0.0",
            "bn.js": "^4.4.0",
            "elliptic": "6.5.2",
            "hash.js": "1.1.3",
            "js-sha3": "0.5.7",
            "scrypt-js": "2.0.4",
            "setimmediate": "1.0.4",
            "uuid": "2.0.1",
            "xmlhttprequest": "1.8.0"
          }
        },
        "hash.js": {
          "version": "1.1.3",
          "bundled": true,
          "requires": {
            "inherits": "^2.0.3",
            "minimalistic-assert": "^1.0.0"
          }
        },
        "hmac-drbg": {
          "version": "1.0.1",
          "bundled": true,
          "requires": {
            "hash.js": "^1.0.3",
            "minimalistic-assert": "^1.0.0",
            "minimalistic-crypto-utils": "^1.0.1"
          }
        },
        "inherits": {
          "version": "2.0.4",
          "bundled": true
        },
        "js-sha3": {
          "version": "0.5.7",
          "bundled": true
        },
        "minimalistic-assert": {
          "version": "1.0.1",
          "bundled": true
        },
        "minimalistic-crypto-utils": {
          "version": "1.0.1",
          "bundled": true
        },
        "scrypt-js": {
          "version": "2.0.4",
          "bundled": true
        },
        "setimmediate": {
          "version": "1.0.4",
          "bundled": true
        },
        "text-encoding": {
          "version": "0.7.0",
          "bundled": true
        },
        "uuid": {
          "version": "2.0.1",
          "bundled": true
        },
        "xmlhttprequest": {
          "version": "1.8.0",
          "bundled": true
        }
      }
    },
    "@cryptoeconomicslab/merkle-tree": {
      "version": "0.0.5",
      "requires": {
        "@cryptoeconomicslab/hash": "^0.0.5",
        "@cryptoeconomicslab/utils": "^0.0.5"
      },
      "dependencies": {
        "@cryptoeconomicslab/coder": {
          "bundled": true,
          "dependencies": {
            "@cryptoeconomicslab/primitives": {
              "version": "0.0.5",
              "bundled": true,
              "requires": {
                "text-encoding": "^0.7.0"
              }
            },
            "text-encoding": {
              "version": "0.7.0",
              "bundled": true
            }
          }
        },
        "@cryptoeconomicslab/hash": {
          "version": "0.0.5",
          "bundled": true,
          "requires": {
            "ethers": "^4.0.43"
          },
          "dependencies": {
            "@cryptoeconomicslab/primitives": {
              "version": "0.0.5",
              "bundled": true,
              "requires": {
                "text-encoding": "^0.7.0"
              }
            },
            "aes-js": {
              "version": "3.0.0",
              "bundled": true
            },
            "bn.js": {
              "version": "4.11.8",
              "bundled": true
            },
            "brorand": {
              "version": "1.1.0",
              "bundled": true
            },
            "elliptic": {
              "version": "6.5.2",
              "bundled": true,
              "requires": {
                "bn.js": "^4.4.0",
                "brorand": "^1.0.1",
                "hash.js": "^1.0.0",
                "hmac-drbg": "^1.0.0",
                "inherits": "^2.0.1",
                "minimalistic-assert": "^1.0.0",
                "minimalistic-crypto-utils": "^1.0.0"
              }
            },
            "ethers": {
              "version": "4.0.43",
              "bundled": true,
              "requires": {
                "aes-js": "3.0.0",
                "bn.js": "^4.4.0",
                "elliptic": "6.5.2",
                "hash.js": "1.1.3",
                "js-sha3": "0.5.7",
                "scrypt-js": "2.0.4",
                "setimmediate": "1.0.4",
                "uuid": "2.0.1",
                "xmlhttprequest": "1.8.0"
              }
            },
            "hash.js": {
              "version": "1.1.3",
              "bundled": true,
              "requires": {
                "inherits": "^2.0.3",
                "minimalistic-assert": "^1.0.0"
              }
            },
            "hmac-drbg": {
              "version": "1.0.1",
              "bundled": true,
              "requires": {
                "hash.js": "^1.0.3",
                "minimalistic-assert": "^1.0.0",
                "minimalistic-crypto-utils": "^1.0.1"
              }
            },
            "inherits": {
              "version": "2.0.4",
              "bundled": true
            },
            "js-sha3": {
              "version": "0.5.7",
              "bundled": true
            },
            "minimalistic-assert": {
              "version": "1.0.1",
              "bundled": true
            },
            "minimalistic-crypto-utils": {
              "version": "1.0.1",
              "bundled": true
            },
            "scrypt-js": {
              "version": "2.0.4",
              "bundled": true
            },
            "setimmediate": {
              "version": "1.0.4",
              "bundled": true
            },
            "text-encoding": {
              "version": "0.7.0",
              "bundled": true
            },
            "uuid": {
              "version": "2.0.1",
              "bundled": true
            },
            "xmlhttprequest": {
              "version": "1.8.0",
              "bundled": true
            }
          }
        },
        "@cryptoeconomicslab/utils": {
          "version": "0.0.5",
          "bundled": true,
          "requires": {
            "@cryptoeconomicslab/primitives": "^0.0.5"
          },
          "dependencies": {
            "@cryptoeconomicslab/primitives": {
              "version": "0.0.5",
              "bundled": true,
              "requires": {
                "text-encoding": "^0.7.0"
              },
              "dependencies": {
                "@types/text-encoding": {
                  "version": "https://registry.npmjs.org/@types/text-encoding/-/text-encoding-0.0.35.tgz",
                  "bundled": true
                },
                "text-encoding": {
                  "version": "0.7.0",
                  "bundled": true
                }
              }
            }
          }
        }
      }
    },
    "@cryptoeconomicslab/ovm": {
      "version": "0.0.5",
      "requires": {
        "@cryptoeconomicslab/coder": "^0.0.5",
        "@cryptoeconomicslab/db": "^0.0.5",
        "@cryptoeconomicslab/ovm-parser": "^0.2.3",
        "@cryptoeconomicslab/ovm-transpiler": "^0.2.3",
        "@cryptoeconomicslab/primitives": "^0.0.5",
        "@cryptoeconomicslab/signature": "^0.0.5",
        "@cryptoeconomicslab/utils": "^0.0.5",
        "ethers": "^4.0.43"
      },
      "dependencies": {
        "@cryptoeconomicslab/coder": {
          "version": "0.0.5",
          "bundled": true,
          "dependencies": {
            "@cryptoeconomicslab/primitives": {
              "version": "0.0.5",
              "bundled": true,
              "requires": {
                "text-encoding": "^0.7.0"
              }
            },
            "text-encoding": {
              "version": "0.7.0",
              "bundled": true
            }
          }
        },
        "@cryptoeconomicslab/context": {
          "bundled": true,
          "dependencies": {
            "@cryptoeconomicslab/coder": {
              "bundled": true,
              "dependencies": {}
            },
            "@cryptoeconomicslab/primitives": {
              "version": "0.0.5",
              "bundled": true,
              "requires": {
                "text-encoding": "^0.7.0"
              }
            },
            "text-encoding": {
              "version": "0.7.0",
              "bundled": true
            }
          }
        },
        "@cryptoeconomicslab/db": {
          "version": "0.0.5",
          "bundled": true,
          "requires": {
            "@cryptoeconomicslab/utils": "^0.0.5",
            "abstract-leveldown": "^6.2.2"
          },
          "dependencies": {
            "@cryptoeconomicslab/db": {
              "version": "0.0.3",
              "bundled": true,
              "requires": {
                "@cryptoeconomicslab/primitives": "^0.0.3",
                "@cryptoeconomicslab/utils": "^0.0.3"
              },
              "dependencies": {}
            },
            "@cryptoeconomicslab/level-kvs": {
              "version": "0.0.2",
              "bundled": true,
              "requires": {
                "@cryptoeconomicslab/primitives": "0.0.3",
                "levelup": "^4.3.2",
                "memdown": "^5.1.0"
              },
              "dependencies": {}
            },
            "@cryptoeconomicslab/primitives": {
              "version": "0.0.5",
              "bundled": true,
              "requires": {
                "text-encoding": "^0.7.0"
              }
            },
            "@cryptoeconomicslab/utils": {
              "version": "0.0.5",
              "bundled": true,
              "requires": {
                "@cryptoeconomicslab/primitives": "^0.0.5"
              }
            },
            "abstract-leveldown": {
              "version": "6.2.2",
              "bundled": true,
              "requires": {
                "level-concat-iterator": "~2.0.0",
                "level-supports": "~1.0.0",
                "xtend": "~4.0.0"
              }
            },
            "deferred-leveldown": {
              "version": "5.3.0",
              "bundled": true,
              "requires": {
                "abstract-leveldown": "~6.2.1",
                "inherits": "^2.0.3"
              }
            },
            "errno": {
              "version": "0.1.7",
              "bundled": true,
              "requires": {
                "prr": "~1.0.1"
              }
            },
            "functional-red-black-tree": {
              "version": "1.0.1",
              "bundled": true
            },
            "immediate": {
              "version": "3.2.3",
              "bundled": true
            },
            "inherits": {
              "version": "2.0.4",
              "bundled": true
            },
            "level-concat-iterator": {
              "version": "2.0.1",
              "bundled": true
            },
            "level-errors": {
              "version": "2.0.1",
              "bundled": true,
              "requires": {
                "errno": "~0.1.1"
              }
            },
            "level-iterator-stream": {
              "version": "4.0.2",
              "bundled": true,
              "requires": {
                "inherits": "^2.0.4",
                "readable-stream": "^3.4.0",
                "xtend": "^4.0.2"
              }
            },
            "level-supports": {
              "version": "1.0.1",
              "bundled": true,
              "requires": {
                "xtend": "^4.0.2"
              }
            },
            "levelup": {
              "version": "4.3.2",
              "bundled": true,
              "requires": {
                "deferred-leveldown": "~5.3.0",
                "level-errors": "~2.0.0",
                "level-iterator-stream": "~4.0.0",
                "level-supports": "~1.0.0",
                "xtend": "~4.0.0"
              }
            },
            "ltgt": {
              "version": "2.2.1",
              "bundled": true
            },
            "memdown": {
              "version": "5.1.0",
              "bundled": true,
              "requires": {
                "abstract-leveldown": "~6.2.1",
                "functional-red-black-tree": "~1.0.1",
                "immediate": "~3.2.3",
                "inherits": "~2.0.1",
                "ltgt": "~2.2.0",
                "safe-buffer": "~5.2.0"
              }
            },
            "prr": {
              "version": "1.0.1",
              "bundled": true
            },
            "readable-stream": {
              "version": "3.5.0",
              "bundled": true,
              "requires": {
                "inherits": "^2.0.3",
                "string_decoder": "^1.1.1",
                "util-deprecate": "^1.0.1"
              }
            },
            "safe-buffer": {
              "version": "5.2.0",
              "bundled": true
            },
            "string_decoder": {
              "version": "1.3.0",
              "bundled": true,
              "requires": {
                "safe-buffer": "~5.2.0"
              }
            },
            "text-encoding": {
              "version": "0.7.0",
              "bundled": true
            },
            "util-deprecate": {
              "version": "1.0.2",
              "bundled": true
            },
            "xtend": {
              "version": "4.0.2",
              "bundled": true
            }
          }
        },
        "@cryptoeconomicslab/level-kvs": {
          "version": "0.0.3",
          "bundled": true,
          "requires": {
            "levelup": "^4.3.2",
            "memdown": "^5.1.0"
          }
        },
        "@cryptoeconomicslab/ovm-parser": {
          "version": "0.2.3",
          "bundled": true,
          "requires": {
            "pegjs": "^0.10.0",
            "tslib": "^1.10.0"
          }
        },
        "@cryptoeconomicslab/ovm-transpiler": {
          "version": "0.2.3",
          "bundled": true,
          "requires": {
            "@cryptoeconomicslab/ovm-parser": "^0.2.3",
            "tslib": "^1.10.0"
          }
        },
        "@cryptoeconomicslab/primitives": {
          "version": "0.0.5",
          "bundled": true,
          "requires": {
            "text-encoding": "^0.7.0"
          },
          "dependencies": {
            "@types/text-encoding": {
              "version": "https://registry.npmjs.org/@types/text-encoding/-/text-encoding-0.0.35.tgz",
              "bundled": true
            },
            "text-encoding": {
              "version": "0.7.0",
              "bundled": true
            }
          }
        },
        "@cryptoeconomicslab/signature": {
          "version": "0.0.5",
          "bundled": true,
          "requires": {
            "@cryptoeconomicslab/primitives": "^0.0.5",
            "bs58check": "^2.1.2",
            "ethers": "^4.0.43",
            "libsodium-wrappers-sumo": "^0.7.6"
          },
          "dependencies": {
            "@cryptoeconomicslab/primitives": {
              "version": "0.0.5",
              "bundled": true,
              "requires": {
                "text-encoding": "^0.7.0"
              },
              "dependencies": {
                "@types/text-encoding": {
                  "version": "https://registry.npmjs.org/@types/text-encoding/-/text-encoding-0.0.35.tgz",
                  "bundled": true
                },
                "text-encoding": {
                  "version": "0.7.0",
                  "bundled": true
                }
              }
            },
            "@types/libsodium-wrappers": {
              "version": "0.7.7",
              "bundled": true
            },
            "@types/libsodium-wrappers-sumo": {
              "version": "0.7.3",
              "bundled": true,
              "requires": {
                "@types/libsodium-wrappers": "*"
              }
            },
            "aes-js": {
              "version": "3.0.0",
              "bundled": true
            },
            "base-x": {
              "version": "3.0.7",
              "bundled": true,
              "requires": {
                "safe-buffer": "^5.0.1"
              }
            },
            "bn.js": {
              "version": "4.11.8",
              "bundled": true
            },
            "brorand": {
              "version": "1.1.0",
              "bundled": true
            },
            "bs58": {
              "version": "4.0.1",
              "bundled": true,
              "requires": {
                "base-x": "^3.0.2"
              }
            },
            "bs58check": {
              "version": "2.1.2",
              "bundled": true,
              "requires": {
                "bs58": "^4.0.0",
                "create-hash": "^1.1.0",
                "safe-buffer": "^5.1.2"
              }
            },
            "cipher-base": {
              "version": "1.0.4",
              "bundled": true,
              "requires": {
                "inherits": "^2.0.1",
                "safe-buffer": "^5.0.1"
              }
            },
            "create-hash": {
              "version": "1.2.0",
              "bundled": true,
              "requires": {
                "cipher-base": "^1.0.1",
                "inherits": "^2.0.1",
                "md5.js": "^1.3.4",
                "ripemd160": "^2.0.1",
                "sha.js": "^2.4.0"
              }
            },
            "elliptic": {
              "version": "6.5.2",
              "bundled": true,
              "requires": {
                "bn.js": "^4.4.0",
                "brorand": "^1.0.1",
                "hash.js": "^1.0.0",
                "hmac-drbg": "^1.0.0",
                "inherits": "^2.0.1",
                "minimalistic-assert": "^1.0.0",
                "minimalistic-crypto-utils": "^1.0.0"
              }
            },
            "ethers": {
              "version": "4.0.43",
              "bundled": true,
              "requires": {
                "aes-js": "3.0.0",
                "bn.js": "^4.4.0",
                "elliptic": "6.5.2",
                "hash.js": "1.1.3",
                "js-sha3": "0.5.7",
                "scrypt-js": "2.0.4",
                "setimmediate": "1.0.4",
                "uuid": "2.0.1",
                "xmlhttprequest": "1.8.0"
              }
            },
            "hash-base": {
              "version": "3.0.4",
              "bundled": true,
              "requires": {
                "inherits": "^2.0.1",
                "safe-buffer": "^5.0.1"
              }
            },
            "hash.js": {
              "version": "1.1.3",
              "bundled": true,
              "requires": {
                "inherits": "^2.0.3",
                "minimalistic-assert": "^1.0.0"
              }
            },
            "hmac-drbg": {
              "version": "1.0.1",
              "bundled": true,
              "requires": {
                "hash.js": "^1.0.3",
                "minimalistic-assert": "^1.0.0",
                "minimalistic-crypto-utils": "^1.0.1"
              }
            },
            "inherits": {
              "version": "2.0.4",
              "bundled": true
            },
            "js-sha3": {
              "version": "0.5.7",
              "bundled": true
            },
            "libsodium-sumo": {
              "version": "0.7.6",
              "bundled": true
            },
            "libsodium-wrappers-sumo": {
              "version": "0.7.6",
              "bundled": true,
              "requires": {
                "libsodium-sumo": "0.7.6"
              }
            },
            "md5.js": {
              "version": "1.3.5",
              "bundled": true,
              "requires": {
                "hash-base": "^3.0.0",
                "inherits": "^2.0.1",
                "safe-buffer": "^5.1.2"
              }
            },
            "minimalistic-assert": {
              "version": "1.0.1",
              "bundled": true
            },
            "minimalistic-crypto-utils": {
              "version": "1.0.1",
              "bundled": true
            },
            "ripemd160": {
              "version": "2.0.2",
              "bundled": true,
              "requires": {
                "hash-base": "^3.0.0",
                "inherits": "^2.0.1"
              }
            },
            "safe-buffer": {
              "version": "5.2.0",
              "bundled": true
            },
            "scrypt-js": {
              "version": "2.0.4",
              "bundled": true
            },
            "setimmediate": {
              "version": "1.0.4",
              "bundled": true
            },
            "sha.js": {
              "version": "2.4.11",
              "bundled": true,
              "requires": {
                "inherits": "^2.0.1",
                "safe-buffer": "^5.0.1"
              }
            },
            "uuid": {
              "version": "2.0.1",
              "bundled": true
            },
            "xmlhttprequest": {
              "version": "1.8.0",
              "bundled": true
            }
          }
        },
        "@cryptoeconomicslab/utils": {
          "version": "0.0.5",
          "bundled": true,
          "requires": {
            "@cryptoeconomicslab/primitives": "^0.0.5"
          },
          "dependencies": {
            "@cryptoeconomicslab/primitives": {
              "version": "0.0.5",
              "bundled": true,
              "requires": {
                "text-encoding": "^0.7.0"
              },
              "dependencies": {}
            }
          }
        },
        "abstract-leveldown": {
          "version": "6.2.2",
          "bundled": true,
          "requires": {
            "level-concat-iterator": "~2.0.0",
            "level-supports": "~1.0.0",
            "xtend": "~4.0.0"
          }
        },
        "aes-js": {
          "version": "3.0.0",
          "bundled": true
        },
        "bn.js": {
          "version": "4.11.8",
          "bundled": true
        },
        "brorand": {
          "version": "1.1.0",
          "bundled": true
        },
        "deferred-leveldown": {
          "version": "5.3.0",
          "bundled": true,
          "requires": {
            "abstract-leveldown": "~6.2.1",
            "inherits": "^2.0.3"
          }
        },
        "elliptic": {
          "version": "6.5.2",
          "bundled": true,
          "requires": {
            "bn.js": "^4.4.0",
            "brorand": "^1.0.1",
            "hash.js": "^1.0.0",
            "hmac-drbg": "^1.0.0",
            "inherits": "^2.0.1",
            "minimalistic-assert": "^1.0.0",
            "minimalistic-crypto-utils": "^1.0.0"
          }
        },
        "errno": {
          "version": "0.1.7",
          "bundled": true,
          "requires": {
            "prr": "~1.0.1"
          }
        },
        "ethers": {
          "version": "4.0.43",
          "bundled": true,
          "requires": {
            "aes-js": "3.0.0",
            "bn.js": "^4.4.0",
            "elliptic": "6.5.2",
            "hash.js": "1.1.3",
            "js-sha3": "0.5.7",
            "scrypt-js": "2.0.4",
            "setimmediate": "1.0.4",
            "uuid": "2.0.1",
            "xmlhttprequest": "1.8.0"
          }
        },
        "functional-red-black-tree": {
          "version": "1.0.1",
          "bundled": true
        },
        "hash.js": {
          "version": "1.1.3",
          "bundled": true,
          "requires": {
            "inherits": "^2.0.3",
            "minimalistic-assert": "^1.0.0"
          }
        },
        "hmac-drbg": {
          "version": "1.0.1",
          "bundled": true,
          "requires": {
            "hash.js": "^1.0.3",
            "minimalistic-assert": "^1.0.0",
            "minimalistic-crypto-utils": "^1.0.1"
          }
        },
        "immediate": {
          "version": "3.2.3",
          "bundled": true
        },
        "inherits": {
          "version": "2.0.4",
          "bundled": true
        },
        "js-sha3": {
          "version": "0.5.7",
          "bundled": true
        },
        "level-concat-iterator": {
          "version": "2.0.1",
          "bundled": true
        },
        "level-errors": {
          "version": "2.0.1",
          "bundled": true,
          "requires": {
            "errno": "~0.1.1"
          }
        },
        "level-iterator-stream": {
          "version": "4.0.2",
          "bundled": true,
          "requires": {
            "inherits": "^2.0.4",
            "readable-stream": "^3.4.0",
            "xtend": "^4.0.2"
          }
        },
        "level-supports": {
          "version": "1.0.1",
          "bundled": true,
          "requires": {
            "xtend": "^4.0.2"
          }
        },
        "levelup": {
          "version": "4.3.2",
          "bundled": true,
          "requires": {
            "deferred-leveldown": "~5.3.0",
            "level-errors": "~2.0.0",
            "level-iterator-stream": "~4.0.0",
            "level-supports": "~1.0.0",
            "xtend": "~4.0.0"
          }
        },
        "ltgt": {
          "version": "2.2.1",
          "bundled": true
        },
        "memdown": {
          "version": "5.1.0",
          "bundled": true,
          "requires": {
            "abstract-leveldown": "~6.2.1",
            "functional-red-black-tree": "~1.0.1",
            "immediate": "~3.2.3",
            "inherits": "~2.0.1",
            "ltgt": "~2.2.0",
            "safe-buffer": "~5.2.0"
          }
        },
        "minimalistic-assert": {
          "version": "1.0.1",
          "bundled": true
        },
        "minimalistic-crypto-utils": {
          "version": "1.0.1",
          "bundled": true
        },
        "pegjs": {
          "version": "0.10.0",
          "bundled": true
        },
        "prr": {
          "version": "1.0.1",
          "bundled": true
        },
        "readable-stream": {
          "version": "3.5.0",
          "bundled": true,
          "requires": {
            "inherits": "^2.0.3",
            "string_decoder": "^1.1.1",
            "util-deprecate": "^1.0.1"
          }
        },
        "safe-buffer": {
          "version": "5.2.0",
          "bundled": true
        },
        "scrypt-js": {
          "version": "2.0.4",
          "bundled": true
        },
        "setimmediate": {
          "version": "1.0.4",
          "bundled": true
        },
        "string_decoder": {
          "version": "1.3.0",
          "bundled": true,
          "requires": {
            "safe-buffer": "~5.2.0"
          }
        },
        "tslib": {
          "version": "1.10.0",
          "bundled": true
        },
        "util-deprecate": {
          "version": "1.0.2",
          "bundled": true
        },
        "uuid": {
          "version": "2.0.1",
          "bundled": true
        },
        "xmlhttprequest": {
          "version": "1.8.0",
          "bundled": true
        },
        "xtend": {
          "version": "4.0.2",
          "bundled": true
        }
      }
    },
    "@cryptoeconomicslab/primitives": {
      "version": "0.0.5",
      "dev": true,
      "requires": {
        "text-encoding": "^0.7.0"
      },
      "dependencies": {
        "@types/text-encoding": {
          "version": "https://registry.npmjs.org/@types/text-encoding/-/text-encoding-0.0.35.tgz",
          "bundled": true
        },
        "text-encoding": {
          "version": "0.7.0",
          "bundled": true
        }
      }
    }
  }
}
