{
  "name": "@cryptoeconomicslab/plasma",
  "version": "0.0.20",
  "lockfileVersion": 1,
  "requires": true,
  "dependencies": {
    "@cryptoeconomicslab/coder": {
      "version": "0.0.14",
      "resolved": "https://registry.npmjs.org/@cryptoeconomicslab/coder/-/coder-0.0.14.tgz",
      "integrity": "sha512-dkNH7vpnGk7IqvKx1M6lKyTUy+8YFIC+vcxb/2cJNddjgXsqVTr4YMlcE3uyDm4gTCc2e6yd69fu9pzMHOuoVg=="
    },
    "@cryptoeconomicslab/context": {
      "version": "0.0.14",
      "resolved": "https://registry.npmjs.org/@cryptoeconomicslab/context/-/context-0.0.14.tgz",
      "integrity": "sha512-m74O8e/Xu2Oey7ob6U8qSRIoAs7SQtUpGi8hYjuy9GjKIp6VvK2ETQL7HNVpykAOlsO0SuTjkL9mocu0n+6eag=="
    },
    "@cryptoeconomicslab/db": {
      "version": "0.0.14",
      "resolved": "https://registry.npmjs.org/@cryptoeconomicslab/db/-/db-0.0.14.tgz",
      "integrity": "sha512-gMrdMGdew1qkFN24/zsv+yI8NxYGd5ZkXRYqZHCUcXA6enjV5gXAb49dcbDtrca8bGTamZ3We6tG2Zpie7ZuhA==",
      "requires": {
        "@cryptoeconomicslab/coder": "^0.0.14",
        "@cryptoeconomicslab/context": "^0.0.14",
        "@cryptoeconomicslab/utils": "^0.0.14",
        "abstract-leveldown": "^6.2.2"
      }
    },
    "@cryptoeconomicslab/hash": {
      "version": "0.0.14",
      "resolved": "https://registry.npmjs.org/@cryptoeconomicslab/hash/-/hash-0.0.14.tgz",
      "integrity": "sha512-VOaOsq2jEm9h7ynaQUGOWDn9k+NXr7pHK9m/Qr64ioUFYHbBlKVko+9Oi9r4QCMRw5m4R1g1Nq7i56XH5xSSQA==",
      "requires": {
        "ethers": "^4.0.43"
      }
    },
    "@cryptoeconomicslab/merkle-tree": {
      "version": "0.0.14",
      "resolved": "https://registry.npmjs.org/@cryptoeconomicslab/merkle-tree/-/merkle-tree-0.0.14.tgz",
      "integrity": "sha512-CTKtsqrcRmdE2hWlg5VOdnYTLZGmMRgp6CEqDzJZifNBlCuTJsQoB3I4w7vPQXxhMiTQMJtYeq2yepbIECOUow==",
      "requires": {
        "@cryptoeconomicslab/hash": "^0.0.14",
        "@cryptoeconomicslab/utils": "^0.0.14"
      }
    },
    "@cryptoeconomicslab/ovm": {
      "version": "0.0.14",
      "resolved": "https://registry.npmjs.org/@cryptoeconomicslab/ovm/-/ovm-0.0.14.tgz",
      "integrity": "sha512-E35TTyy9IOKX68aOHwljONXs0WgSI8LEJypFR60nWqOs0Ped/KvFJhaQT2MWm1FOPvvreGD0fCduVJNQEXjQxw==",
      "requires": {
        "@cryptoeconomicslab/coder": "^0.0.14",
        "@cryptoeconomicslab/db": "^0.0.14",
        "@cryptoeconomicslab/ovm-parser": "^0.2.5",
        "@cryptoeconomicslab/ovm-transpiler": "^0.2.7",
        "@cryptoeconomicslab/primitives": "^0.0.14",
        "@cryptoeconomicslab/signature": "^0.0.14",
        "@cryptoeconomicslab/utils": "^0.0.14",
        "ethers": "^4.0.43"
      }
    },
    "@cryptoeconomicslab/ovm-parser": {
      "version": "0.2.5",
      "resolved": "https://registry.npmjs.org/@cryptoeconomicslab/ovm-parser/-/ovm-parser-0.2.5.tgz",
      "integrity": "sha512-DitTaBTl4w9gBqmFs5Oxi2vcZnZFSllbdcTZkC3zuh+qXl76Y/xhcC8OYZIpLotU3f7lIM7tZzYjW9bsfdroBg==",
      "requires": {
        "pegjs": "^0.10.0",
        "tslib": "^1.10.0"
      }
    },
    "@cryptoeconomicslab/ovm-transpiler": {
      "version": "0.2.9",
      "resolved": "https://registry.npmjs.org/@cryptoeconomicslab/ovm-transpiler/-/ovm-transpiler-0.2.9.tgz",
      "integrity": "sha512-bW3mSLd+U/TF0ZeaiIjYV2cjv35q0lg2yIFPq8NOoSJDbAll7NECtwtlnM7ZczLuhZ+mVAFvdzoKPheVhHcC7Q==",
      "requires": {
        "@cryptoeconomicslab/coder": "0.0.10",
        "@cryptoeconomicslab/context": "0.0.10",
        "@cryptoeconomicslab/ovm-parser": "^0.2.5",
        "@cryptoeconomicslab/primitives": "0.0.10",
        "tslib": "^1.10.0"
      },
      "dependencies": {
        "@cryptoeconomicslab/coder": {
          "version": "0.0.10",
          "resolved": "https://registry.npmjs.org/@cryptoeconomicslab/coder/-/coder-0.0.10.tgz",
          "integrity": "sha512-Joa3PX1ExMTC6lNOkKPLN2USZmoiM5ccPKI+AXS5etxdppFlYqI6Y847qV2y4z3WOtClQy6wcSv1zugt1i6Dfg=="
        },
        "@cryptoeconomicslab/context": {
          "version": "0.0.10",
          "resolved": "https://registry.npmjs.org/@cryptoeconomicslab/context/-/context-0.0.10.tgz",
          "integrity": "sha512-xDK0bmLam/TTlxtXw9JfeNRqvW9/Yrcx7efcalvURpEFgbonUFxK6s+u9J/a/e62qc2X9nYV+rrHikCOAEkYAQ=="
        },
        "@cryptoeconomicslab/primitives": {
          "version": "0.0.10",
          "resolved": "https://registry.npmjs.org/@cryptoeconomicslab/primitives/-/primitives-0.0.10.tgz",
          "integrity": "sha512-waxUoYWAve9CAqr12ZXAhQxzpDv7ly19j3WH3BzCaUpXE68FG7m5a1/h4UvPpEQp3BMnaFVQ09ACNVOBe3nxtg==",
          "requires": {
            "text-encoding": "^0.7.0"
          }
        }
      }
    },
    "@cryptoeconomicslab/primitives": {
      "version": "0.0.14",
      "resolved": "https://registry.npmjs.org/@cryptoeconomicslab/primitives/-/primitives-0.0.14.tgz",
      "integrity": "sha512-NzmSsNZpyhB7CHldnZ7d9bAEh2JXS8wz+TBY4qaKgE9rJihEOFGjSSjvn2VVlNsmqxndZXRtEZkNtRICCMR+2w==",
      "requires": {
        "text-encoding": "^0.7.0"
      }
    },
    "@cryptoeconomicslab/signature": {
      "version": "0.0.14",
      "resolved": "https://registry.npmjs.org/@cryptoeconomicslab/signature/-/signature-0.0.14.tgz",
      "integrity": "sha512-qmMZPbwf4iInWurn+VKagt0zBolg832o9gl+61O07+P9TNNKedLf6Sn/Za8L2tWCqLM0MEocDMTanzBRlTxOlA==",
      "requires": {
        "bs58check": "^2.1.2",
        "ethers": "^4.0.43",
        "libsodium-wrappers-sumo": "^0.7.6"
      }
    },
    "@cryptoeconomicslab/utils": {
      "version": "0.0.14",
      "resolved": "https://registry.npmjs.org/@cryptoeconomicslab/utils/-/utils-0.0.14.tgz",
      "integrity": "sha512-U7fipIaxGLgH6VPyoC5tiGe3nGUeNKJxWHNnMMFkDv1l1sQyZVf4Atmguwb0sXHSN0APPKD8coiuUPEZcHU99A=="
    },
    "abstract-leveldown": {
      "version": "6.2.2",
      "resolved": "https://registry.npmjs.org/abstract-leveldown/-/abstract-leveldown-6.2.2.tgz",
      "integrity": "sha512-/a+Iwj0rn//CX0EJOasNyZJd2o8xur8Ce9C57Sznti/Ilt/cb6Qd8/k98A4ZOklXgTG+iAYYUs1OTG0s1eH+zQ==",
      "requires": {
        "level-concat-iterator": "~2.0.0",
        "level-supports": "~1.0.0",
        "xtend": "~4.0.0"
      }
    },
    "aes-js": {
      "version": "3.0.0",
      "resolved": "https://registry.npmjs.org/aes-js/-/aes-js-3.0.0.tgz",
      "integrity": "sha1-4h3xCtbCBTKVvLuNq0Cwnb6ofk0="
    },
    "base-x": {
      "version": "3.0.7",
      "resolved": "https://registry.npmjs.org/base-x/-/base-x-3.0.7.tgz",
      "integrity": "sha512-zAKJGuQPihXW22fkrfOclUUZXM2g92z5GzlSMHxhO6r6Qj+Nm0ccaGNBzDZojzwOMkpjAv4J0fOv1U4go+a4iw==",
      "requires": {
        "safe-buffer": "^5.0.1"
      }
    },
    "bn.js": {
      "version": "4.11.8",
      "resolved": "https://registry.npmjs.org/bn.js/-/bn.js-4.11.8.tgz",
      "integrity": "sha512-ItfYfPLkWHUjckQCk8xC+LwxgK8NYcXywGigJgSwOP8Y2iyWT4f2vsZnoOXTTbo+o5yXmIUJ4gn5538SO5S3gA=="
    },
    "brorand": {
      "version": "1.1.0",
      "resolved": "https://registry.npmjs.org/brorand/-/brorand-1.1.0.tgz",
      "integrity": "sha1-EsJe/kCkXjwyPrhnWgoM5XsiNx8="
    },
    "bs58": {
      "version": "4.0.1",
      "resolved": "https://registry.npmjs.org/bs58/-/bs58-4.0.1.tgz",
      "integrity": "sha1-vhYedsNU9veIrkBx9j806MTwpCo=",
      "requires": {
        "base-x": "^3.0.2"
      }
    },
    "bs58check": {
      "version": "2.1.2",
      "resolved": "https://registry.npmjs.org/bs58check/-/bs58check-2.1.2.tgz",
      "integrity": "sha512-0TS1jicxdU09dwJMNZtVAfzPi6Q6QeN0pM1Fkzrjn+XYHvzMKPU3pHVpva+769iNVSfIYWf7LJ6WR+BuuMf8cA==",
      "requires": {
        "bs58": "^4.0.0",
        "create-hash": "^1.1.0",
        "safe-buffer": "^5.1.2"
      }
    },
    "cipher-base": {
      "version": "1.0.4",
      "resolved": "https://registry.npmjs.org/cipher-base/-/cipher-base-1.0.4.tgz",
      "integrity": "sha512-Kkht5ye6ZGmwv40uUDZztayT2ThLQGfnj/T71N/XzeZeo3nf8foyW7zGTsPYkEya3m5f3cAypH+qe7YOrM1U2Q==",
      "requires": {
        "inherits": "^2.0.1",
        "safe-buffer": "^5.0.1"
      }
    },
    "create-hash": {
      "version": "1.2.0",
      "resolved": "https://registry.npmjs.org/create-hash/-/create-hash-1.2.0.tgz",
      "integrity": "sha512-z00bCGNHDG8mHAkP7CtT1qVu+bFQUPjYq/4Iv3C3kWjTFV10zIjfSoeqXo9Asws8gwSHDGj/hl2u4OGIjapeCg==",
      "requires": {
        "cipher-base": "^1.0.1",
        "inherits": "^2.0.1",
        "md5.js": "^1.3.4",
        "ripemd160": "^2.0.1",
        "sha.js": "^2.4.0"
      }
    },
    "elliptic": {
      "version": "6.5.2",
      "resolved": "https://registry.npmjs.org/elliptic/-/elliptic-6.5.2.tgz",
      "integrity": "sha512-f4x70okzZbIQl/NSRLkI/+tteV/9WqL98zx+SQ69KbXxmVrmjwsNUPn/gYJJ0sHvEak24cZgHIPegRePAtA/xw==",
      "requires": {
        "bn.js": "^4.4.0",
        "brorand": "^1.0.1",
        "hash.js": "^1.0.0",
        "hmac-drbg": "^1.0.0",
        "inherits": "^2.0.1",
        "minimalistic-assert": "^1.0.0",
        "minimalistic-crypto-utils": "^1.0.0"
      }
    },
    "ethers": {
      "version": "4.0.44",
      "resolved": "https://registry.npmjs.org/ethers/-/ethers-4.0.44.tgz",
      "integrity": "sha512-kCkMPkpYjBkxzqjcuYUfDY7VHDbf5EXnfRPUOazdqdf59SvXaT+w5lgauxLlk1UjxnAiNfeNS87rkIXnsTaM7Q==",
      "requires": {
        "aes-js": "3.0.0",
        "bn.js": "^4.4.0",
        "elliptic": "6.5.2",
        "hash.js": "1.1.3",
        "js-sha3": "0.5.7",
        "scrypt-js": "2.0.4",
        "setimmediate": "1.0.4",
        "uuid": "2.0.1",
        "xmlhttprequest": "1.8.0"
      }
    },
    "hash-base": {
      "version": "3.0.4",
      "resolved": "https://registry.npmjs.org/hash-base/-/hash-base-3.0.4.tgz",
      "integrity": "sha1-X8hoaEfs1zSZQDMZprCj8/auSRg=",
      "requires": {
        "inherits": "^2.0.1",
        "safe-buffer": "^5.0.1"
      }
    },
    "hash.js": {
      "version": "1.1.3",
      "resolved": "https://registry.npmjs.org/hash.js/-/hash.js-1.1.3.tgz",
      "integrity": "sha512-/UETyP0W22QILqS+6HowevwhEFJ3MBJnwTf75Qob9Wz9t0DPuisL8kW8YZMK62dHAKE1c1p+gY1TtOLY+USEHA==",
      "requires": {
        "inherits": "^2.0.3",
        "minimalistic-assert": "^1.0.0"
      }
    },
    "hmac-drbg": {
      "version": "1.0.1",
      "resolved": "https://registry.npmjs.org/hmac-drbg/-/hmac-drbg-1.0.1.tgz",
      "integrity": "sha1-0nRXAQJabHdabFRXk+1QL8DGSaE=",
      "requires": {
        "hash.js": "^1.0.3",
        "minimalistic-assert": "^1.0.0",
        "minimalistic-crypto-utils": "^1.0.1"
      }
    },
    "inherits": {
      "version": "2.0.4",
      "resolved": "https://registry.npmjs.org/inherits/-/inherits-2.0.4.tgz",
      "integrity": "sha512-k/vGaX4/Yla3WzyMCvTQOXYeIHvqOKtnqBduzTHpzpQZzAskKMhZ2K+EnBiSM9zGSoIFeMpXKxa4dYeZIQqewQ=="
    },
    "js-sha3": {
      "version": "0.5.7",
      "resolved": "https://registry.npmjs.org/js-sha3/-/js-sha3-0.5.7.tgz",
      "integrity": "sha1-DU/9gALVMzqrr0oj7tL2N0yfKOc="
    },
    "jsbi": {
      "version": "3.1.1",
      "resolved": "https://registry.npmjs.org/jsbi/-/jsbi-3.1.1.tgz",
      "integrity": "sha512-+HQESPaV0mRiH614z4JPVPAftcRC2p53x92lySPzUzFwJbJTMpzHz8OYUkcXPN3fOcHUe0NdVcHnCtX/1+eCrA=="
    },
    "level-concat-iterator": {
      "version": "2.0.1",
      "resolved": "https://registry.npmjs.org/level-concat-iterator/-/level-concat-iterator-2.0.1.tgz",
      "integrity": "sha512-OTKKOqeav2QWcERMJR7IS9CUo1sHnke2C0gkSmcR7QuEtFNLLzHQAvnMw8ykvEcv0Qtkg0p7FOwP1v9e5Smdcw=="
    },
    "level-supports": {
      "version": "1.0.1",
      "resolved": "https://registry.npmjs.org/level-supports/-/level-supports-1.0.1.tgz",
      "integrity": "sha512-rXM7GYnW8gsl1vedTJIbzOrRv85c/2uCMpiiCzO2fndd06U/kUXEEU9evYn4zFggBOg36IsBW8LzqIpETwwQzg==",
      "requires": {
        "xtend": "^4.0.2"
      }
    },
    "libsodium-sumo": {
      "version": "0.7.6",
      "resolved": "https://registry.npmjs.org/libsodium-sumo/-/libsodium-sumo-0.7.6.tgz",
      "integrity": "sha512-1XM2w00YkufeLVhFbw9aV+NTftzqECkEU1Amw2MxCbYuyy4L6MH5y8MWOg3shN6X/9R3e1pp6RCSXPnbFRTVCA=="
    },
    "libsodium-wrappers-sumo": {
      "version": "0.7.6",
      "resolved": "https://registry.npmjs.org/libsodium-wrappers-sumo/-/libsodium-wrappers-sumo-0.7.6.tgz",
      "integrity": "sha512-pwYQ1ZR/UwXBMY4tFDcjYZrBFgexkhRykzcE9Jv0l/J41Tp7PqHYfHA17YpOxIXrAIRBPVSlPo2VxHoGZZKwXA==",
      "requires": {
        "libsodium-sumo": "0.7.6"
      }
    },
    "md5.js": {
      "version": "1.3.5",
      "resolved": "https://registry.npmjs.org/md5.js/-/md5.js-1.3.5.tgz",
      "integrity": "sha512-xitP+WxNPcTTOgnTJcrhM0xvdPepipPSf3I8EIpGKeFLjt3PlJLIDG3u8EX53ZIubkb+5U2+3rELYpEhHhzdkg==",
      "requires": {
        "hash-base": "^3.0.0",
        "inherits": "^2.0.1",
        "safe-buffer": "^5.1.2"
      }
    },
    "minimalistic-assert": {
      "version": "1.0.1",
      "resolved": "https://registry.npmjs.org/minimalistic-assert/-/minimalistic-assert-1.0.1.tgz",
      "integrity": "sha512-UtJcAD4yEaGtjPezWuO9wC4nwUnVH/8/Im3yEHQP4b67cXlD/Qr9hdITCU1xDbSEXg2XKNaP8jsReV7vQd00/A=="
    },
    "minimalistic-crypto-utils": {
      "version": "1.0.1",
      "resolved": "https://registry.npmjs.org/minimalistic-crypto-utils/-/minimalistic-crypto-utils-1.0.1.tgz",
      "integrity": "sha1-9sAMHAsIIkblxNmd+4x8CDsrWCo="
    },
    "pegjs": {
      "version": "0.10.0",
      "resolved": "https://registry.npmjs.org/pegjs/-/pegjs-0.10.0.tgz",
      "integrity": "sha1-z4uvrm7d/0tafvsYUmnqr0YQ3b0="
    },
    "ripemd160": {
      "version": "2.0.2",
      "resolved": "https://registry.npmjs.org/ripemd160/-/ripemd160-2.0.2.tgz",
      "integrity": "sha512-ii4iagi25WusVoiC4B4lq7pbXfAp3D9v5CwfkY33vffw2+pkDjY1D8GaN7spsxvCSx8dkPqOZCEZyfxcmJG2IA==",
      "requires": {
        "hash-base": "^3.0.0",
        "inherits": "^2.0.1"
      }
    },
    "safe-buffer": {
      "version": "5.2.0",
      "resolved": "https://registry.npmjs.org/safe-buffer/-/safe-buffer-5.2.0.tgz",
      "integrity": "sha512-fZEwUGbVl7kouZs1jCdMLdt95hdIv0ZeHg6L7qPeciMZhZ+/gdesW4wgTARkrFWEpspjEATAzUGPG8N2jJiwbg=="
    },
    "scrypt-js": {
      "version": "2.0.4",
      "resolved": "https://registry.npmjs.org/scrypt-js/-/scrypt-js-2.0.4.tgz",
      "integrity": "sha512-4KsaGcPnuhtCZQCxFxN3GVYIhKFPTdLd8PLC552XwbMndtD0cjRFAhDuuydXQ0h08ZfPgzqe6EKHozpuH74iDw=="
    },
    "setimmediate": {
      "version": "1.0.4",
      "resolved": "https://registry.npmjs.org/setimmediate/-/setimmediate-1.0.4.tgz",
      "integrity": "sha1-IOgd5iLUoCWIzgyNqJc8vPHTE48="
    },
    "sha.js": {
      "version": "2.4.11",
      "resolved": "https://registry.npmjs.org/sha.js/-/sha.js-2.4.11.tgz",
      "integrity": "sha512-QMEp5B7cftE7APOjk5Y6xgrbWu+WkLVQwk8JNjZ8nKRciZaByEW6MubieAiToS7+dwvrjGhH8jRXz3MVd0AYqQ==",
      "requires": {
        "inherits": "^2.0.1",
        "safe-buffer": "^5.0.1"
      }
    },
    "text-encoding": {
      "version": "0.7.0",
      "resolved": "https://registry.npmjs.org/text-encoding/-/text-encoding-0.7.0.tgz",
      "integrity": "sha512-oJQ3f1hrOnbRLOcwKz0Liq2IcrvDeZRHXhd9RgLrsT+DjWY/nty1Hi7v3dtkaEYbPYe0mUoOfzRrMwfXXwgPUA=="
    },
    "tslib": {
      "version": "1.10.0",
      "resolved": "https://registry.npmjs.org/tslib/-/tslib-1.10.0.tgz",
      "integrity": "sha512-qOebF53frne81cf0S9B41ByenJ3/IuH8yJKngAX35CmiZySA0khhkovshKK+jGCaMnVomla7gVlIcc3EvKPbTQ=="
    },
    "uuid": {
      "version": "2.0.1",
      "resolved": "https://registry.npmjs.org/uuid/-/uuid-2.0.1.tgz",
      "integrity": "sha1-wqMN7bPlNdcsz4LjQ5QaULqFM6w="
    },
    "xmlhttprequest": {
      "version": "1.8.0",
      "resolved": "https://registry.npmjs.org/xmlhttprequest/-/xmlhttprequest-1.8.0.tgz",
      "integrity": "sha1-Z/4HXFwk/vOfnWX197f+dRcZaPw="
    },
    "xtend": {
      "version": "4.0.2",
      "resolved": "https://registry.npmjs.org/xtend/-/xtend-4.0.2.tgz",
      "integrity": "sha512-LKYU1iAXJXUgAXn9URjiu+MWhyUXHsvfp7mcuYm9dSUKK0/CjtrUwFAxD82/mCWbtLsGjFIad0wIsod4zrTAEQ=="
    }
  }
}
