{
	"name": "@cryptoeconomicslab/plasma-light-client",
	"version": "0.0.36",
	"lockfileVersion": 1,
	"requires": true,
	"dependencies": {
		"@cryptoeconomicslab/context": {
			"version": "0.0.36",
			"resolved": "https://registry.npmjs.org/@cryptoeconomicslab/context/-/context-0.0.36.tgz",
			"integrity": "sha512-TZEkSxp1NEFo1aTHzsncsxHtLglLDAqZSGuJirtSob/43zFHCa5LsuJTDRmTJ3T5hfzaLuShwvt+cLfPcGHF9w==",
			"dev": true
		},
		"@cryptoeconomicslab/eth-coder": {
			"version": "0.0.9",
			"resolved": "https://registry.npmjs.org/@cryptoeconomicslab/eth-coder/-/eth-coder-0.0.9.tgz",
			"integrity": "sha512-N54lC/uuf1pU/P95/MKsTx4c+H70eKxjXTzlXVohxZxn1vcmbufeC+EOlw2cgxbm0rVwxm5NR6yrqoy+31Yp2A==",
			"dev": true,
			"requires": {
				"ethers": "^4.0.45",
				"jsbi": "^3.1.2"
			}
		},
		"@cryptoeconomicslab/eth-contract": {
			"version": "0.0.9",
			"resolved": "https://registry.npmjs.org/@cryptoeconomicslab/eth-contract/-/eth-contract-0.0.9.tgz",
			"integrity": "sha512-mQ82HN0RTkxk9IH4bMPkA+c5tAsrfRZ3HgPME9Hou/qEvyrxV0eBuU8kOYyo/qNARSo3UTodM1uppSFszcbJKw==",
			"dev": true,
			"requires": {
				"@cryptoeconomicslab/contract": "0.0.35",
				"@cryptoeconomicslab/db": "0.0.35",
				"@cryptoeconomicslab/ovm": "0.0.35",
				"ethers": "^4.0.45",
				"jsbi": "^3.1.2"
			},
			"dependencies": {
				"@cryptoeconomicslab/coder": {
					"version": "0.0.35",
					"resolved": "https://registry.npmjs.org/@cryptoeconomicslab/coder/-/coder-0.0.35.tgz",
					"integrity": "sha512-exfGvGD9kFfcISxT2gjkLRFjMSaycIGI2dxwrPWRH2e1/SeDjjY82n5TyXzrA+rfhMEj7nyO3GtOPd6Sf4sFNg==",
					"dev": true,
					"requires": {
						"jsbi": "^3.1.1"
					}
				},
				"@cryptoeconomicslab/context": {
					"version": "0.0.35",
					"resolved": "https://registry.npmjs.org/@cryptoeconomicslab/context/-/context-0.0.35.tgz",
					"integrity": "sha512-aphPrA59YNWSB34zPOzCtP3dyNDXDI7N2PgIgAwiLj0gbiJUo6g5Tsn8Ag0hrxoEuoAC94Q+S4rRbKnigBHfJA==",
					"dev": true
				},
				"@cryptoeconomicslab/contract": {
					"version": "0.0.35",
					"resolved": "https://registry.npmjs.org/@cryptoeconomicslab/contract/-/contract-0.0.35.tgz",
					"integrity": "sha512-5gVnh4QRt4KrndqopCi1Bhy45iLPod/5g7aukV24yoz8051rIczK7uA3Eb+o9UJuMliH9O0NQftwTQwl/77uDA==",
					"dev": true,
					"requires": {
						"@cryptoeconomicslab/coder": "^0.0.35",
						"@cryptoeconomicslab/db": "^0.0.35",
						"@cryptoeconomicslab/ovm": "^0.0.35"
					}
				},
				"@cryptoeconomicslab/db": {
					"version": "0.0.35",
					"resolved": "https://registry.npmjs.org/@cryptoeconomicslab/db/-/db-0.0.35.tgz",
					"integrity": "sha512-L3l/DkxGx6HPS9mEa72GNYisTcMNQsPq0Ai0d+9A2JDuRtm+YxD2KGcziddk8ZyXF37ZbYvIACgJhGSgdv++pQ==",
					"dev": true,
					"requires": {
						"@cryptoeconomicslab/coder": "^0.0.35",
						"@cryptoeconomicslab/context": "^0.0.35",
						"@cryptoeconomicslab/utils": "^0.0.35",
						"abstract-leveldown": "^6.2.2",
						"jsbi": "^3.1.1"
					}
				},
				"@cryptoeconomicslab/hash": {
					"version": "0.0.35",
					"resolved": "https://registry.npmjs.org/@cryptoeconomicslab/hash/-/hash-0.0.35.tgz",
					"integrity": "sha512-fC7JQw7hoZV+DzEivBTOnGfkKo6PqEb6xsHhzMymj8REWTm2bDBBKRZnLSMi0cAyR7EjDgt4zmDze9wAG6ouUw==",
					"dev": true,
					"requires": {
						"ethers": "^4.0.43"
					}
				},
				"@cryptoeconomicslab/ovm": {
					"version": "0.0.35",
					"resolved": "https://registry.npmjs.org/@cryptoeconomicslab/ovm/-/ovm-0.0.35.tgz",
					"integrity": "sha512-7b136m23P8S4+DXGvTvcwg1WELyp1yIIdzsIcWxojwdzOg08RGV3Iw0OpcBSZNice6XSQ1TShq/7TtqbjPVfJQ==",
					"dev": true,
					"requires": {
						"@cryptoeconomicslab/coder": "^0.0.35",
						"@cryptoeconomicslab/db": "^0.0.35",
						"@cryptoeconomicslab/hash": "^0.0.35",
						"@cryptoeconomicslab/ovm-parser": "^0.2.5",
						"@cryptoeconomicslab/ovm-transpiler": "^0.2.7",
						"@cryptoeconomicslab/primitives": "^0.0.35",
						"@cryptoeconomicslab/signature": "^0.0.35",
						"@cryptoeconomicslab/utils": "^0.0.35",
						"jsbi": "^3.1.1"
					}
				},
				"@cryptoeconomicslab/primitives": {
					"version": "0.0.35",
					"resolved": "https://registry.npmjs.org/@cryptoeconomicslab/primitives/-/primitives-0.0.35.tgz",
					"integrity": "sha512-ohfnC951C84DTENuKsUPIzCoKaVH6V2VcEVDa41nuWxhtVXtJS8G9wPzR0KZ9hIevGPte+UrqS2ADN8lnrzsAQ==",
					"dev": true,
					"requires": {
						"jsbi": "^3.1.1",
						"text-encoding": "^0.7.0"
					}
				}
			}
		},
		"@cryptoeconomicslab/eth-wallet": {
			"version": "0.0.9",
			"resolved": "https://registry.npmjs.org/@cryptoeconomicslab/eth-wallet/-/eth-wallet-0.0.9.tgz",
			"integrity": "sha512-TQPjaDL/GcbGXphn1ic9qr8WESHm5CIfqhWnU8V323mef2ePAH2JOTRL0B7An0GMuIINUAVkzO0Ae8lNOb+Rfg==",
			"dev": true,
			"requires": {
				"@cryptoeconomicslab/signature": "0.0.35",
				"@cryptoeconomicslab/wallet": "0.0.35",
				"bignumber.js": "^9.0.0",
				"ethers": "^4.0.45",
				"jsbi": "^3.1.2"
			},
			"dependencies": {
				"@cryptoeconomicslab/wallet": {
					"version": "0.0.35",
					"resolved": "https://registry.npmjs.org/@cryptoeconomicslab/wallet/-/wallet-0.0.35.tgz",
					"integrity": "sha512-HZqx5ElpdREWNmQnOYkI9EF27svU8qODyrUwDGlTRdPH6KMN8Obh4Lrzewt3UrqrqRqhX2OcRhBsktUiSKzQ/g==",
					"dev": true,
					"requires": {
						"jsbi": "^3.1.1"
					}
				}
			}
		},
		"@cryptoeconomicslab/indexeddb-kvs": {
			"version": "0.0.3",
			"resolved": "https://registry.npmjs.org/@cryptoeconomicslab/indexeddb-kvs/-/indexeddb-kvs-0.0.3.tgz",
			"integrity": "sha512-PgqSoAn7J3f6iAl+3d1jAp/8xBRmrG2INu+S8FazTMMQGZs7xycuUcbBJ/1A9VKJ5ovcgfvindo7cHmTroRzNg=="
		},
		"@cryptoeconomicslab/level-kvs": {
			"version": "0.0.6",
			"resolved": "https://registry.npmjs.org/@cryptoeconomicslab/level-kvs/-/level-kvs-0.0.6.tgz",
			"integrity": "sha512-tTeh0W8FJLmCt7i7COGTowsfS1IGAn1+S8ASCYUTc3C7IX4jshitFMqiBO5D0qmroch7cso20MfLsWOxJH54Yg==",
			"dev": true,
			"requires": {
				"es6-promisify": "^6.0.2",
				"jsbi": "^3.1.1",
				"levelup": "^4.3.2",
				"memdown": "^5.1.0"
			}
		},
		"@cryptoeconomicslab/ovm-parser": {
			"version": "0.2.12",
			"resolved": "https://registry.npmjs.org/@cryptoeconomicslab/ovm-parser/-/ovm-parser-0.2.12.tgz",
			"integrity": "sha512-VI3ipsMAnom9slIc0jjSW4Ff9BBRluu1p1QqKDm+IAFDBtdxJhbu5K6bBeO8aAhRnvTVn6URJm/sCKC2vXYykg==",
			"dev": true,
			"requires": {
				"pegjs": "^0.10.0",
				"tslib": "^1.11.1"
			}
		},
		"@cryptoeconomicslab/ovm-transpiler": {
			"version": "0.2.12",
			"resolved": "https://registry.npmjs.org/@cryptoeconomicslab/ovm-transpiler/-/ovm-transpiler-0.2.12.tgz",
			"integrity": "sha512-zMvM8Q8t4lEWXEPgP+CAa4OuU633bnmhY6VXGZozx0AVc5mmAgEZHooRUio4hPNR0awR47mIC5CnUZ2jZkNoNw==",
			"dev": true,
			"requires": {
				"@cryptoeconomicslab/coder": "0.0.36",
				"@cryptoeconomicslab/context": "0.0.36",
				"@cryptoeconomicslab/ovm-parser": "^0.2.12",
				"@cryptoeconomicslab/primitives": "0.0.36",
				"tslib": "^1.11.1"
			},
			"dependencies": {
				"@cryptoeconomicslab/coder": {
					"version": "0.0.36",
					"resolved": "https://registry.npmjs.org/@cryptoeconomicslab/coder/-/coder-0.0.36.tgz",
					"integrity": "sha512-qhGDR6bumjT7Zxjo6kP77OJGqQUen1g0LWvGO4269fHAExL+10WERJwVr/2wTEjRJM2V56flAEaK1OtyVv7YUg==",
					"dev": true,
					"requires": {
						"jsbi": "^3.1.1"
					}
				}
			}
		},
		"@cryptoeconomicslab/primitives": {
			"version": "0.0.36",
			"resolved": "https://registry.npmjs.org/@cryptoeconomicslab/primitives/-/primitives-0.0.36.tgz",
			"integrity": "sha512-3ZJ4aLFclFZUZr4+XfD1FpyqiKa666RK5IRU+0FKHZzZxKVWBuKb1q74iHEQ3OIl91BfLq+xTpSKqOIEK45P/w==",
			"dev": true,
			"requires": {
				"jsbi": "^3.1.1",
				"text-encoding": "^0.7.0"
			}
		},
		"@cryptoeconomicslab/signature": {
			"version": "0.0.35",
			"resolved": "https://registry.npmjs.org/@cryptoeconomicslab/signature/-/signature-0.0.35.tgz",
			"integrity": "sha512-cTESKuGEkj6hz5S+o5I/Fb2Eg+ewxZdCaVHITlKdu/vfT4JLb6VYSJARME1yfMvuYvbwTSgxCtvhOwbNO51/MA==",
			"dev": true,
			"requires": {
				"bs58check": "^2.1.2",
				"ethers": "^4.0.43",
				"tweetnacl": "^1.0.3"
			}
		},
		"@cryptoeconomicslab/utils": {
			"version": "0.0.35",
			"resolved": "https://registry.npmjs.org/@cryptoeconomicslab/utils/-/utils-0.0.35.tgz",
			"integrity": "sha512-3AfqkoNxJ99cRQJMNB4AX4YfwmuiiJ2F24kGNBrfonP41doa4fwHRSWe5CzvcA6pYi9rYO38uCHqV8v/BDb/UQ==",
			"dev": true,
			"requires": {
				"jsbi": "^3.1.1"
			}
		},
		"abstract-leveldown": {
			"version": "6.2.2",
			"resolved": "https://registry.npmjs.org/abstract-leveldown/-/abstract-leveldown-6.2.2.tgz",
			"integrity": "sha512-/a+Iwj0rn//CX0EJOasNyZJd2o8xur8Ce9C57Sznti/Ilt/cb6Qd8/k98A4ZOklXgTG+iAYYUs1OTG0s1eH+zQ==",
			"dev": true,
			"requires": {
				"level-concat-iterator": "~2.0.0",
				"level-supports": "~1.0.0",
				"xtend": "~4.0.0"
			}
		},
		"aes-js": {
			"version": "3.0.0",
			"resolved": "https://registry.npmjs.org/aes-js/-/aes-js-3.0.0.tgz",
			"integrity": "sha1-4h3xCtbCBTKVvLuNq0Cwnb6ofk0=",
			"dev": true
		},
		"axios": {
			"version": "0.19.2",
			"resolved": "https://registry.npmjs.org/axios/-/axios-0.19.2.tgz",
			"integrity": "sha512-fjgm5MvRHLhx+osE2xoekY70AhARk3a6hkN+3Io1jc00jtquGvxYlKlsFUhmUET0V5te6CcZI7lcv2Ym61mjHA==",
			"requires": {
				"follow-redirects": "1.5.10"
			}
		},
		"base-x": {
			"version": "3.0.8",
			"resolved": "https://registry.npmjs.org/base-x/-/base-x-3.0.8.tgz",
			"integrity": "sha512-Rl/1AWP4J/zRrk54hhlxH4drNxPJXYUaKffODVI53/dAsV4t9fBxyxYKAVPU1XBHxYwOWP9h9H0hM2MVw4YfJA==",
			"dev": true,
			"requires": {
				"safe-buffer": "^5.0.1"
			}
		},
		"base64-arraybuffer-es6": {
			"version": "0.5.0",
			"resolved": "https://registry.npmjs.org/base64-arraybuffer-es6/-/base64-arraybuffer-es6-0.5.0.tgz",
			"integrity": "sha512-UCIPaDJrNNj5jG2ZL+nzJ7czvZV/ZYX6LaIRgfVU1k1edJOQg7dkbiSKzwHkNp6aHEHER/PhlFBrMYnlvJJQEw==",
			"dev": true
		},
		"bignumber.js": {
			"version": "9.0.0",
			"resolved": "https://registry.npmjs.org/bignumber.js/-/bignumber.js-9.0.0.tgz",
			"integrity": "sha512-t/OYhhJ2SD+YGBQcjY8GzzDHEk9f3nerxjtfa6tlMXfe7frs/WozhvCNoGvpM0P3bNf3Gq5ZRMlGr5f3r4/N8A==",
			"dev": true
		},
		"bn.js": {
			"version": "4.11.8",
			"resolved": "https://registry.npmjs.org/bn.js/-/bn.js-4.11.8.tgz",
			"integrity": "sha512-ItfYfPLkWHUjckQCk8xC+LwxgK8NYcXywGigJgSwOP8Y2iyWT4f2vsZnoOXTTbo+o5yXmIUJ4gn5538SO5S3gA==",
			"dev": true
		},
		"brorand": {
			"version": "1.1.0",
			"resolved": "https://registry.npmjs.org/brorand/-/brorand-1.1.0.tgz",
			"integrity": "sha1-EsJe/kCkXjwyPrhnWgoM5XsiNx8=",
			"dev": true
		},
		"bs58": {
			"version": "4.0.1",
			"resolved": "https://registry.npmjs.org/bs58/-/bs58-4.0.1.tgz",
			"integrity": "sha1-vhYedsNU9veIrkBx9j806MTwpCo=",
			"dev": true,
			"requires": {
				"base-x": "^3.0.2"
			}
		},
		"bs58check": {
			"version": "2.1.2",
			"resolved": "https://registry.npmjs.org/bs58check/-/bs58check-2.1.2.tgz",
			"integrity": "sha512-0TS1jicxdU09dwJMNZtVAfzPi6Q6QeN0pM1Fkzrjn+XYHvzMKPU3pHVpva+769iNVSfIYWf7LJ6WR+BuuMf8cA==",
			"dev": true,
			"requires": {
				"bs58": "^4.0.0",
				"create-hash": "^1.1.0",
				"safe-buffer": "^5.1.2"
			}
		},
		"cipher-base": {
			"version": "1.0.4",
			"resolved": "https://registry.npmjs.org/cipher-base/-/cipher-base-1.0.4.tgz",
			"integrity": "sha512-Kkht5ye6ZGmwv40uUDZztayT2ThLQGfnj/T71N/XzeZeo3nf8foyW7zGTsPYkEya3m5f3cAypH+qe7YOrM1U2Q==",
			"dev": true,
			"requires": {
				"inherits": "^2.0.1",
				"safe-buffer": "^5.0.1"
			}
		},
		"core-js": {
			"version": "2.6.11",
			"resolved": "https://registry.npmjs.org/core-js/-/core-js-2.6.11.tgz",
			"integrity": "sha512-5wjnpaT/3dV+XB4borEsnAYQchn00XSgTAWKDkEqv+K8KevjbzmofK6hfJ9TZIlpj2N0xQpazy7PiRQiWHqzWg==",
			"dev": true
		},
		"create-hash": {
			"version": "1.2.0",
			"resolved": "https://registry.npmjs.org/create-hash/-/create-hash-1.2.0.tgz",
			"integrity": "sha512-z00bCGNHDG8mHAkP7CtT1qVu+bFQUPjYq/4Iv3C3kWjTFV10zIjfSoeqXo9Asws8gwSHDGj/hl2u4OGIjapeCg==",
			"dev": true,
			"requires": {
				"cipher-base": "^1.0.1",
				"inherits": "^2.0.1",
				"md5.js": "^1.3.4",
				"ripemd160": "^2.0.1",
				"sha.js": "^2.4.0"
			}
		},
		"d": {
			"version": "1.0.1",
			"resolved": "https://registry.npmjs.org/d/-/d-1.0.1.tgz",
			"integrity": "sha512-m62ShEObQ39CfralilEQRjH6oAMtNCV1xJyEx5LpRYUVN+EviphDgUc/F3hnYbADmkiNs67Y+3ylmlG7Lnu+FA==",
			"requires": {
				"es5-ext": "^0.10.50",
				"type": "^1.0.1"
			}
		},
		"debug": {
			"version": "3.1.0",
			"resolved": "https://registry.npmjs.org/debug/-/debug-3.1.0.tgz",
			"integrity": "sha512-OX8XqP7/1a9cqkxYw2yXss15f26NKWBpDXQd0/uK/KPqdQhxbPa994hnzjcE2VqQpDslf55723cKPUOGSmMY3g==",
			"requires": {
				"ms": "2.0.0"
			}
		},
		"deferred-leveldown": {
			"version": "5.3.0",
			"resolved": "https://registry.npmjs.org/deferred-leveldown/-/deferred-leveldown-5.3.0.tgz",
			"integrity": "sha512-a59VOT+oDy7vtAbLRCZwWgxu2BaCfd5Hk7wxJd48ei7I+nsg8Orlb9CLG0PMZienk9BSUKgeAqkO2+Lw+1+Ukw==",
			"dev": true,
			"requires": {
				"abstract-leveldown": "~6.2.1",
				"inherits": "^2.0.3"
			}
		},
		"domexception": {
			"version": "1.0.1",
			"resolved": "https://registry.npmjs.org/domexception/-/domexception-1.0.1.tgz",
			"integrity": "sha512-raigMkn7CJNNo6Ihro1fzG7wr3fHuYVytzquZKX5n0yizGsTcYgzdIUwj1X9pK0VvjeihV+XiclP+DjwbsSKug==",
			"dev": true,
			"requires": {
				"webidl-conversions": "^4.0.2"
			}
		},
		"elliptic": {
			"version": "6.5.2",
			"resolved": "https://registry.npmjs.org/elliptic/-/elliptic-6.5.2.tgz",
			"integrity": "sha512-f4x70okzZbIQl/NSRLkI/+tteV/9WqL98zx+SQ69KbXxmVrmjwsNUPn/gYJJ0sHvEak24cZgHIPegRePAtA/xw==",
			"dev": true,
			"requires": {
				"bn.js": "^4.4.0",
				"brorand": "^1.0.1",
				"hash.js": "^1.0.0",
				"hmac-drbg": "^1.0.0",
				"inherits": "^2.0.1",
				"minimalistic-assert": "^1.0.0",
				"minimalistic-crypto-utils": "^1.0.0"
			}
		},
		"errno": {
			"version": "0.1.7",
			"resolved": "https://registry.npmjs.org/errno/-/errno-0.1.7.tgz",
			"integrity": "sha512-MfrRBDWzIWifgq6tJj60gkAwtLNb6sQPlcFrSOflcP1aFmmruKQ2wRnze/8V6kgyz7H3FF8Npzv78mZ7XLLflg==",
			"dev": true,
			"requires": {
				"prr": "~1.0.1"
			}
		},
		"es5-ext": {
			"version": "0.10.53",
			"resolved": "https://registry.npmjs.org/es5-ext/-/es5-ext-0.10.53.tgz",
			"integrity": "sha512-Xs2Stw6NiNHWypzRTY1MtaG/uJlwCk8kH81920ma8mvN8Xq1gsfhZvpkImLQArw8AHnv8MT2I45J3c0R8slE+Q==",
			"requires": {
				"es6-iterator": "~2.0.3",
				"es6-symbol": "~3.1.3",
				"next-tick": "~1.0.0"
			}
		},
		"es6-iterator": {
			"version": "2.0.3",
			"resolved": "https://registry.npmjs.org/es6-iterator/-/es6-iterator-2.0.3.tgz",
			"integrity": "sha1-p96IkUGgWpSwhUQDstCg+/qY87c=",
			"requires": {
				"d": "1",
				"es5-ext": "^0.10.35",
				"es6-symbol": "^3.1.1"
			}
		},
		"es6-promisify": {
			"version": "6.1.0",
			"resolved": "https://registry.npmjs.org/es6-promisify/-/es6-promisify-6.1.0.tgz",
			"integrity": "sha512-jCsk2fpfEFusVv1MDkF4Uf0hAzIKNDMgR6LyOIw6a3jwkN1sCgWzuwgnsHY9YSQ8n8P31HoncvE0LC44cpWTrw==",
			"dev": true
		},
		"es6-symbol": {
			"version": "3.1.3",
			"resolved": "https://registry.npmjs.org/es6-symbol/-/es6-symbol-3.1.3.tgz",
			"integrity": "sha512-NJ6Yn3FuDinBaBRWl/q5X/s4koRHBrgKAu+yGI6JCBeiu3qrcbJhwT2GeR/EXVfylRk8dpQVJoLEFhK+Mu31NA==",
			"requires": {
				"d": "^1.0.1",
				"ext": "^1.1.2"
			}
		},
		"ethers": {
			"version": "4.0.46",
			"resolved": "https://registry.npmjs.org/ethers/-/ethers-4.0.46.tgz",
			"integrity": "sha512-/dPMzzpInhtiip4hKFvsDiJKeRk64IhyA+Po7CtNXneQFSOCYXg8eBFt+jXbxUQyApgWnWOtYxWdfn9+CvvxDA==",
			"dev": true,
			"requires": {
				"aes-js": "3.0.0",
				"bn.js": "^4.4.0",
				"elliptic": "6.5.2",
				"hash.js": "1.1.3",
				"js-sha3": "0.5.7",
				"scrypt-js": "2.0.4",
				"setimmediate": "1.0.4",
				"uuid": "2.0.1",
				"xmlhttprequest": "1.8.0"
			}
		},
		"event-emitter": {
			"version": "0.3.5",
			"resolved": "https://registry.npmjs.org/event-emitter/-/event-emitter-0.3.5.tgz",
			"integrity": "sha1-34xp7vFkeSPHFXuc6DhAYQsCzDk=",
			"requires": {
				"d": "1",
				"es5-ext": "~0.10.14"
			}
		},
		"ext": {
			"version": "1.4.0",
			"resolved": "https://registry.npmjs.org/ext/-/ext-1.4.0.tgz",
			"integrity": "sha512-Key5NIsUxdqKg3vIsdw9dSuXpPCQ297y6wBjL30edxwPgt2E44WcWBZey/ZvUc6sERLTxKdyCu4gZFmUbk1Q7A==",
			"requires": {
				"type": "^2.0.0"
			},
			"dependencies": {
				"type": {
					"version": "2.0.0",
					"resolved": "https://registry.npmjs.org/type/-/type-2.0.0.tgz",
					"integrity": "sha512-KBt58xCHry4Cejnc2ISQAF7QY+ORngsWfxezO68+12hKV6lQY8P/psIkcbjeHWn7MqcgciWJyCCevFMJdIXpow=="
				}
			}
		},
		"fake-indexeddb": {
			"version": "3.0.0",
			"resolved": "https://registry.npmjs.org/fake-indexeddb/-/fake-indexeddb-3.0.0.tgz",
			"integrity": "sha512-VrnV9dJWlVWvd8hp9MMR+JS4RLC4ZmToSkuCg91ZwpYE5mSODb3n5VEaV62Hf3AusnbrPfwQhukU+rGZm5W8PQ==",
			"dev": true,
			"requires": {
				"realistic-structured-clone": "^2.0.1",
				"setimmediate": "^1.0.5"
			},
			"dependencies": {
				"setimmediate": {
					"version": "1.0.5",
					"resolved": "https://registry.npmjs.org/setimmediate/-/setimmediate-1.0.5.tgz",
					"integrity": "sha1-KQy7Iy4waULX1+qbg3Mqt4VvgoU=",
					"dev": true
				}
			}
		},
		"follow-redirects": {
			"version": "1.5.10",
			"resolved": "https://registry.npmjs.org/follow-redirects/-/follow-redirects-1.5.10.tgz",
			"integrity": "sha512-0V5l4Cizzvqt5D44aTXbFZz+FtyXV1vrDN6qrelxtfYQKW0KO0W2T/hkE8xvGa/540LkZlkaUjO4ailYTFtHVQ==",
			"requires": {
				"debug": "=3.1.0"
			}
		},
		"functional-red-black-tree": {
			"version": "1.0.1",
			"resolved": "https://registry.npmjs.org/functional-red-black-tree/-/functional-red-black-tree-1.0.1.tgz",
			"integrity": "sha1-GwqzvVU7Kg1jmdKcDj6gslIHgyc=",
			"dev": true
		},
		"hash-base": {
			"version": "3.0.4",
			"resolved": "https://registry.npmjs.org/hash-base/-/hash-base-3.0.4.tgz",
			"integrity": "sha1-X8hoaEfs1zSZQDMZprCj8/auSRg=",
			"dev": true,
			"requires": {
				"inherits": "^2.0.1",
				"safe-buffer": "^5.0.1"
			}
		},
		"hash.js": {
			"version": "1.1.3",
			"resolved": "https://registry.npmjs.org/hash.js/-/hash.js-1.1.3.tgz",
			"integrity": "sha512-/UETyP0W22QILqS+6HowevwhEFJ3MBJnwTf75Qob9Wz9t0DPuisL8kW8YZMK62dHAKE1c1p+gY1TtOLY+USEHA==",
			"dev": true,
			"requires": {
				"inherits": "^2.0.3",
				"minimalistic-assert": "^1.0.0"
			}
		},
		"hmac-drbg": {
			"version": "1.0.1",
			"resolved": "https://registry.npmjs.org/hmac-drbg/-/hmac-drbg-1.0.1.tgz",
			"integrity": "sha1-0nRXAQJabHdabFRXk+1QL8DGSaE=",
			"dev": true,
			"requires": {
				"hash.js": "^1.0.3",
				"minimalistic-assert": "^1.0.0",
				"minimalistic-crypto-utils": "^1.0.1"
			}
		},
		"immediate": {
			"version": "3.2.3",
			"resolved": "https://registry.npmjs.org/immediate/-/immediate-3.2.3.tgz",
			"integrity": "sha1-0UD6j2FGWb1lQSMwl92qwlzdmRw=",
			"dev": true
		},
		"inherits": {
			"version": "2.0.4",
			"resolved": "https://registry.npmjs.org/inherits/-/inherits-2.0.4.tgz",
			"integrity": "sha512-k/vGaX4/Yla3WzyMCvTQOXYeIHvqOKtnqBduzTHpzpQZzAskKMhZ2K+EnBiSM9zGSoIFeMpXKxa4dYeZIQqewQ==",
			"dev": true
		},
		"js-sha3": {
			"version": "0.5.7",
			"resolved": "https://registry.npmjs.org/js-sha3/-/js-sha3-0.5.7.tgz",
			"integrity": "sha1-DU/9gALVMzqrr0oj7tL2N0yfKOc=",
			"dev": true
		},
		"jsbi": {
			"version": "3.1.2",
			"resolved": "https://registry.npmjs.org/jsbi/-/jsbi-3.1.2.tgz",
			"integrity": "sha512-5nDXo1X9QVaXK/Cpb5VECV9ss1QPbjUuk1qSruHB1PK/g39Sd414K4nci99ElFDZv0vzxDEnKn3o49/Tn9Yagw=="
		},
		"level-concat-iterator": {
			"version": "2.0.1",
			"resolved": "https://registry.npmjs.org/level-concat-iterator/-/level-concat-iterator-2.0.1.tgz",
			"integrity": "sha512-OTKKOqeav2QWcERMJR7IS9CUo1sHnke2C0gkSmcR7QuEtFNLLzHQAvnMw8ykvEcv0Qtkg0p7FOwP1v9e5Smdcw==",
			"dev": true
		},
		"level-errors": {
			"version": "2.0.1",
			"resolved": "https://registry.npmjs.org/level-errors/-/level-errors-2.0.1.tgz",
			"integrity": "sha512-UVprBJXite4gPS+3VznfgDSU8PTRuVX0NXwoWW50KLxd2yw4Y1t2JUR5In1itQnudZqRMT9DlAM3Q//9NCjCFw==",
			"dev": true,
			"requires": {
				"errno": "~0.1.1"
			}
		},
		"level-iterator-stream": {
			"version": "4.0.2",
			"resolved": "https://registry.npmjs.org/level-iterator-stream/-/level-iterator-stream-4.0.2.tgz",
			"integrity": "sha512-ZSthfEqzGSOMWoUGhTXdX9jv26d32XJuHz/5YnuHZzH6wldfWMOVwI9TBtKcya4BKTyTt3XVA0A3cF3q5CY30Q==",
			"dev": true,
			"requires": {
				"inherits": "^2.0.4",
				"readable-stream": "^3.4.0",
				"xtend": "^4.0.2"
			}
		},
		"level-supports": {
			"version": "1.0.1",
			"resolved": "https://registry.npmjs.org/level-supports/-/level-supports-1.0.1.tgz",
			"integrity": "sha512-rXM7GYnW8gsl1vedTJIbzOrRv85c/2uCMpiiCzO2fndd06U/kUXEEU9evYn4zFggBOg36IsBW8LzqIpETwwQzg==",
			"dev": true,
			"requires": {
				"xtend": "^4.0.2"
			}
		},
		"levelup": {
			"version": "4.3.2",
			"resolved": "https://registry.npmjs.org/levelup/-/levelup-4.3.2.tgz",
			"integrity": "sha512-cRTjU4ktWo59wf13PHEiOayHC3n0dOh4i5+FHr4tv4MX9+l7mqETicNq3Aj07HKlLdk0z5muVoDL2RD+ovgiyA==",
			"dev": true,
			"requires": {
				"deferred-leveldown": "~5.3.0",
				"level-errors": "~2.0.0",
				"level-iterator-stream": "~4.0.0",
				"level-supports": "~1.0.0",
				"xtend": "~4.0.0"
			}
		},
		"lodash.sortby": {
			"version": "4.7.0",
			"resolved": "https://registry.npmjs.org/lodash.sortby/-/lodash.sortby-4.7.0.tgz",
			"integrity": "sha1-7dFMgk4sycHgsKG0K7UhBRakJDg=",
			"dev": true
		},
		"ltgt": {
			"version": "2.2.1",
			"resolved": "https://registry.npmjs.org/ltgt/-/ltgt-2.2.1.tgz",
			"integrity": "sha1-81ypHEk/e3PaDgdJUwTxezH4fuU=",
			"dev": true
		},
		"md5.js": {
			"version": "1.3.5",
			"resolved": "https://registry.npmjs.org/md5.js/-/md5.js-1.3.5.tgz",
			"integrity": "sha512-xitP+WxNPcTTOgnTJcrhM0xvdPepipPSf3I8EIpGKeFLjt3PlJLIDG3u8EX53ZIubkb+5U2+3rELYpEhHhzdkg==",
			"dev": true,
			"requires": {
				"hash-base": "^3.0.0",
				"inherits": "^2.0.1",
				"safe-buffer": "^5.1.2"
			}
		},
		"memdown": {
			"version": "5.1.0",
			"resolved": "https://registry.npmjs.org/memdown/-/memdown-5.1.0.tgz",
			"integrity": "sha512-B3J+UizMRAlEArDjWHTMmadet+UKwHd3UjMgGBkZcKAxAYVPS9o0Yeiha4qvz7iGiL2Sb3igUft6p7nbFWctpw==",
			"dev": true,
			"requires": {
				"abstract-leveldown": "~6.2.1",
				"functional-red-black-tree": "~1.0.1",
				"immediate": "~3.2.3",
				"inherits": "~2.0.1",
				"ltgt": "~2.2.0",
				"safe-buffer": "~5.2.0"
			}
		},
		"minimalistic-assert": {
			"version": "1.0.1",
			"resolved": "https://registry.npmjs.org/minimalistic-assert/-/minimalistic-assert-1.0.1.tgz",
			"integrity": "sha512-UtJcAD4yEaGtjPezWuO9wC4nwUnVH/8/Im3yEHQP4b67cXlD/Qr9hdITCU1xDbSEXg2XKNaP8jsReV7vQd00/A==",
			"dev": true
		},
		"minimalistic-crypto-utils": {
			"version": "1.0.1",
			"resolved": "https://registry.npmjs.org/minimalistic-crypto-utils/-/minimalistic-crypto-utils-1.0.1.tgz",
			"integrity": "sha1-9sAMHAsIIkblxNmd+4x8CDsrWCo=",
			"dev": true
		},
		"ms": {
			"version": "2.0.0",
			"resolved": "https://registry.npmjs.org/ms/-/ms-2.0.0.tgz",
			"integrity": "sha1-VgiurfwAvmwpAd9fmGF4jeDVl8g="
		},
		"next-tick": {
			"version": "1.0.0",
			"resolved": "https://registry.npmjs.org/next-tick/-/next-tick-1.0.0.tgz",
			"integrity": "sha1-yobR/ogoFpsBICCOPchCS524NCw="
		},
		"pegjs": {
			"version": "0.10.0",
			"resolved": "https://registry.npmjs.org/pegjs/-/pegjs-0.10.0.tgz",
			"integrity": "sha1-z4uvrm7d/0tafvsYUmnqr0YQ3b0=",
			"dev": true
		},
		"prr": {
			"version": "1.0.1",
			"resolved": "https://registry.npmjs.org/prr/-/prr-1.0.1.tgz",
			"integrity": "sha1-0/wRS6BplaRexok/SEzrHXj19HY=",
			"dev": true
		},
		"punycode": {
			"version": "2.1.1",
			"resolved": "https://registry.npmjs.org/punycode/-/punycode-2.1.1.tgz",
			"integrity": "sha512-XRsRjdf+j5ml+y/6GKHPZbrF/8p2Yga0JPtdqTIY2Xe5ohJPD9saDJJLPvp9+NSBprVvevdXZybnj2cv8OEd0A==",
			"dev": true
		},
		"readable-stream": {
			"version": "3.6.0",
			"resolved": "https://registry.npmjs.org/readable-stream/-/readable-stream-3.6.0.tgz",
			"integrity": "sha512-BViHy7LKeTz4oNnkcLJ+lVSL6vpiFeX6/d3oSH8zCW7UxP2onchk+vTGB143xuFjHS3deTgkKoXXymXqymiIdA==",
			"dev": true,
			"requires": {
				"inherits": "^2.0.3",
				"string_decoder": "^1.1.1",
				"util-deprecate": "^1.0.1"
			}
		},
		"realistic-structured-clone": {
			"version": "2.0.2",
			"resolved": "https://registry.npmjs.org/realistic-structured-clone/-/realistic-structured-clone-2.0.2.tgz",
			"integrity": "sha512-5IEvyfuMJ4tjQOuKKTFNvd+H9GSbE87IcendSBannE28PTrbolgaVg5DdEApRKhtze794iXqVUFKV60GLCNKEg==",
			"dev": true,
			"requires": {
				"core-js": "^2.5.3",
				"domexception": "^1.0.1",
				"typeson": "^5.8.2",
				"typeson-registry": "^1.0.0-alpha.20"
			}
		},
		"ripemd160": {
			"version": "2.0.2",
			"resolved": "https://registry.npmjs.org/ripemd160/-/ripemd160-2.0.2.tgz",
			"integrity": "sha512-ii4iagi25WusVoiC4B4lq7pbXfAp3D9v5CwfkY33vffw2+pkDjY1D8GaN7spsxvCSx8dkPqOZCEZyfxcmJG2IA==",
			"dev": true,
			"requires": {
				"hash-base": "^3.0.0",
				"inherits": "^2.0.1"
			}
		},
		"safe-buffer": {
			"version": "5.2.0",
			"resolved": "https://registry.npmjs.org/safe-buffer/-/safe-buffer-5.2.0.tgz",
			"integrity": "sha512-fZEwUGbVl7kouZs1jCdMLdt95hdIv0ZeHg6L7qPeciMZhZ+/gdesW4wgTARkrFWEpspjEATAzUGPG8N2jJiwbg==",
			"dev": true
		},
		"scrypt-js": {
			"version": "2.0.4",
			"resolved": "https://registry.npmjs.org/scrypt-js/-/scrypt-js-2.0.4.tgz",
			"integrity": "sha512-4KsaGcPnuhtCZQCxFxN3GVYIhKFPTdLd8PLC552XwbMndtD0cjRFAhDuuydXQ0h08ZfPgzqe6EKHozpuH74iDw==",
			"dev": true
		},
		"setimmediate": {
			"version": "1.0.4",
			"resolved": "https://registry.npmjs.org/setimmediate/-/setimmediate-1.0.4.tgz",
			"integrity": "sha1-IOgd5iLUoCWIzgyNqJc8vPHTE48=",
			"dev": true
		},
		"sha.js": {
			"version": "2.4.11",
			"resolved": "https://registry.npmjs.org/sha.js/-/sha.js-2.4.11.tgz",
			"integrity": "sha512-QMEp5B7cftE7APOjk5Y6xgrbWu+WkLVQwk8JNjZ8nKRciZaByEW6MubieAiToS7+dwvrjGhH8jRXz3MVd0AYqQ==",
			"dev": true,
			"requires": {
				"inherits": "^2.0.1",
				"safe-buffer": "^5.0.1"
			}
		},
		"string_decoder": {
			"version": "1.3.0",
			"resolved": "https://registry.npmjs.org/string_decoder/-/string_decoder-1.3.0.tgz",
			"integrity": "sha512-hkRX8U1WjJFd8LsDJ2yQ/wWWxaopEsABU1XfkM8A+j0+85JAGppt16cr1Whg6KIbb4okU6Mql6BOj+uup/wKeA==",
			"dev": true,
			"requires": {
				"safe-buffer": "~5.2.0"
			}
		},
		"text-encoding": {
			"version": "0.7.0",
			"resolved": "https://registry.npmjs.org/text-encoding/-/text-encoding-0.7.0.tgz",
			"integrity": "sha512-oJQ3f1hrOnbRLOcwKz0Liq2IcrvDeZRHXhd9RgLrsT+DjWY/nty1Hi7v3dtkaEYbPYe0mUoOfzRrMwfXXwgPUA==",
			"dev": true
		},
		"tr46": {
			"version": "1.0.1",
			"resolved": "https://registry.npmjs.org/tr46/-/tr46-1.0.1.tgz",
			"integrity": "sha1-qLE/1r/SSJUZZ0zN5VujaTtwbQk=",
			"dev": true,
			"requires": {
				"punycode": "^2.1.0"
			}
		},
		"tslib": {
			"version": "1.11.1",
			"resolved": "https://registry.npmjs.org/tslib/-/tslib-1.11.1.tgz",
			"integrity": "sha512-aZW88SY8kQbU7gpV19lN24LtXh/yD4ZZg6qieAJDDg+YBsJcSmLGK9QpnUjAKVG/xefmvJGd1WUmfpT/g6AJGA==",
			"dev": true
		},
		"tweetnacl": {
			"version": "1.0.3",
			"resolved": "https://registry.npmjs.org/tweetnacl/-/tweetnacl-1.0.3.tgz",
			"integrity": "sha512-6rt+RN7aOi1nGMyC4Xa5DdYiukl2UWCbcJft7YhxReBGQD7OAM8Pbxw6YMo4r2diNEA8FEmu32YOn9rhaiE5yw==",
			"dev": true
		},
		"type": {
			"version": "1.2.0",
			"resolved": "https://registry.npmjs.org/type/-/type-1.2.0.tgz",
			"integrity": "sha512-+5nt5AAniqsCnu2cEQQdpzCAh33kVx8n0VoFidKpB1dVVLAN/F+bgVOqOJqOnEnrhp222clB5p3vUlD+1QAnfg=="
		},
		"typeson": {
			"version": "5.18.2",
			"resolved": "https://registry.npmjs.org/typeson/-/typeson-5.18.2.tgz",
			"integrity": "sha512-Vetd+OGX05P4qHyHiSLdHZ5Z5GuQDrHHwSdjkqho9NSCYVSLSfRMjklD/unpHH8tXBR9Z/R05rwJSuMpMFrdsw==",
			"dev": true
		},
		"typeson-registry": {
			"version": "1.0.0-alpha.34",
			"resolved": "https://registry.npmjs.org/typeson-registry/-/typeson-registry-1.0.0-alpha.34.tgz",
			"integrity": "sha512-2U0R5eFGJPaqha8HBAICJv6rW2x/cAVHizURHbcAo61Mpd47s+MDn67Ktxoyl9jWgsqCAibZsrldG8v/2ZuCaw==",
			"dev": true,
			"requires": {
				"base64-arraybuffer-es6": "0.5.0",
				"typeson": "5.18.2",
				"whatwg-url": "7.1.0"
			}
		},
		"util-deprecate": {
			"version": "1.0.2",
			"resolved": "https://registry.npmjs.org/util-deprecate/-/util-deprecate-1.0.2.tgz",
			"integrity": "sha1-RQ1Nyfpw3nMnYvvS1KKJgUGaDM8=",
			"dev": true
		},
		"uuid": {
			"version": "2.0.1",
			"resolved": "https://registry.npmjs.org/uuid/-/uuid-2.0.1.tgz",
			"integrity": "sha1-wqMN7bPlNdcsz4LjQ5QaULqFM6w=",
			"dev": true
		},
		"webidl-conversions": {
			"version": "4.0.2",
			"resolved": "https://registry.npmjs.org/webidl-conversions/-/webidl-conversions-4.0.2.tgz",
			"integrity": "sha512-YQ+BmxuTgd6UXZW3+ICGfyqRyHXVlD5GtQr5+qjiNW7bF0cqrzX500HVXPBOvgXb5YnzDd+h0zqyv61KUD7+Sg==",
			"dev": true
		},
		"whatwg-url": {
			"version": "7.1.0",
			"resolved": "https://registry.npmjs.org/whatwg-url/-/whatwg-url-7.1.0.tgz",
			"integrity": "sha512-WUu7Rg1DroM7oQvGWfOiAK21n74Gg+T4elXEQYkOhtyLeWiJFoOGLXPKI/9gzIie9CtwVLm8wtw6YJdKyxSjeg==",
			"dev": true,
			"requires": {
				"lodash.sortby": "^4.7.0",
				"tr46": "^1.0.1",
				"webidl-conversions": "^4.0.2"
			}
		},
		"xmlhttprequest": {
			"version": "1.8.0",
			"resolved": "https://registry.npmjs.org/xmlhttprequest/-/xmlhttprequest-1.8.0.tgz",
			"integrity": "sha1-Z/4HXFwk/vOfnWX197f+dRcZaPw=",
			"dev": true
		},
		"xtend": {
			"version": "4.0.2",
			"resolved": "https://registry.npmjs.org/xtend/-/xtend-4.0.2.tgz",
			"integrity": "sha512-LKYU1iAXJXUgAXn9URjiu+MWhyUXHsvfp7mcuYm9dSUKK0/CjtrUwFAxD82/mCWbtLsGjFIad0wIsod4zrTAEQ==",
			"dev": true
		}
	}
}
