{
	"name": "@cryptoeconomicslab/plasma-light-client",
	"version": "0.3.4",
	"lockfileVersion": 1,
	"requires": true,
	"dependencies": {
		"@cryptoeconomicslab/indexeddb-kvs": {
			"version": "0.0.3",
			"resolved": "https://registry.npmjs.org/@cryptoeconomicslab/indexeddb-kvs/-/indexeddb-kvs-0.0.3.tgz",
			"integrity": "sha512-PgqSoAn7J3f6iAl+3d1jAp/8xBRmrG2INu+S8FazTMMQGZs7xycuUcbBJ/1A9VKJ5ovcgfvindo7cHmTroRzNg=="
		},
		"@cryptoeconomicslab/level-kvs": {
			"version": "0.0.6",
			"resolved": "https://registry.npmjs.org/@cryptoeconomicslab/level-kvs/-/level-kvs-0.0.6.tgz",
			"integrity": "sha512-tTeh0W8FJLmCt7i7COGTowsfS1IGAn1+S8ASCYUTc3C7IX4jshitFMqiBO5D0qmroch7cso20MfLsWOxJH54Yg==",
			"dev": true,
			"requires": {
				"es6-promisify": "^6.0.2",
				"jsbi": "^3.1.1",
				"levelup": "^4.3.2",
				"memdown": "^5.1.0"
			}
		},
		"abstract-leveldown": {
			"version": "6.2.2",
			"resolved": "https://registry.npmjs.org/abstract-leveldown/-/abstract-leveldown-6.2.2.tgz",
			"integrity": "sha512-/a+Iwj0rn//CX0EJOasNyZJd2o8xur8Ce9C57Sznti/Ilt/cb6Qd8/k98A4ZOklXgTG+iAYYUs1OTG0s1eH+zQ==",
			"dev": true,
			"requires": {
				"level-concat-iterator": "~2.0.0",
				"level-supports": "~1.0.0",
				"xtend": "~4.0.0"
			}
		},
		"aes-js": {
			"version": "3.0.0",
			"resolved": "https://registry.npmjs.org/aes-js/-/aes-js-3.0.0.tgz",
			"integrity": "sha1-4h3xCtbCBTKVvLuNq0Cwnb6ofk0=",
			"dev": true
		},
		"axios": {
			"version": "0.19.2",
			"resolved": "https://registry.npmjs.org/axios/-/axios-0.19.2.tgz",
			"integrity": "sha512-fjgm5MvRHLhx+osE2xoekY70AhARk3a6hkN+3Io1jc00jtquGvxYlKlsFUhmUET0V5te6CcZI7lcv2Ym61mjHA==",
			"requires": {
				"follow-redirects": "1.5.10"
			}
		},
		"base64-arraybuffer-es6": {
			"version": "0.5.0",
			"resolved": "https://registry.npmjs.org/base64-arraybuffer-es6/-/base64-arraybuffer-es6-0.5.0.tgz",
			"integrity": "sha512-UCIPaDJrNNj5jG2ZL+nzJ7czvZV/ZYX6LaIRgfVU1k1edJOQg7dkbiSKzwHkNp6aHEHER/PhlFBrMYnlvJJQEw==",
			"dev": true
		},
		"bn.js": {
			"version": "4.11.8",
			"resolved": "https://registry.npmjs.org/bn.js/-/bn.js-4.11.8.tgz",
			"integrity": "sha512-ItfYfPLkWHUjckQCk8xC+LwxgK8NYcXywGigJgSwOP8Y2iyWT4f2vsZnoOXTTbo+o5yXmIUJ4gn5538SO5S3gA==",
			"dev": true
		},
		"brorand": {
			"version": "1.1.0",
			"resolved": "https://registry.npmjs.org/brorand/-/brorand-1.1.0.tgz",
			"integrity": "sha1-EsJe/kCkXjwyPrhnWgoM5XsiNx8=",
			"dev": true
		},
		"core-js": {
			"version": "2.6.11",
			"resolved": "https://registry.npmjs.org/core-js/-/core-js-2.6.11.tgz",
			"integrity": "sha512-5wjnpaT/3dV+XB4borEsnAYQchn00XSgTAWKDkEqv+K8KevjbzmofK6hfJ9TZIlpj2N0xQpazy7PiRQiWHqzWg==",
			"dev": true
		},
		"d": {
			"version": "1.0.1",
			"resolved": "https://registry.npmjs.org/d/-/d-1.0.1.tgz",
			"integrity": "sha512-m62ShEObQ39CfralilEQRjH6oAMtNCV1xJyEx5LpRYUVN+EviphDgUc/F3hnYbADmkiNs67Y+3ylmlG7Lnu+FA==",
			"requires": {
				"es5-ext": "^0.10.50",
				"type": "^1.0.1"
			}
		},
		"debug": {
			"version": "3.1.0",
			"resolved": "https://registry.npmjs.org/debug/-/debug-3.1.0.tgz",
			"integrity": "sha512-OX8XqP7/1a9cqkxYw2yXss15f26NKWBpDXQd0/uK/KPqdQhxbPa994hnzjcE2VqQpDslf55723cKPUOGSmMY3g==",
			"requires": {
				"ms": "2.0.0"
			}
		},
		"deferred-leveldown": {
			"version": "5.3.0",
			"resolved": "https://registry.npmjs.org/deferred-leveldown/-/deferred-leveldown-5.3.0.tgz",
			"integrity": "sha512-a59VOT+oDy7vtAbLRCZwWgxu2BaCfd5Hk7wxJd48ei7I+nsg8Orlb9CLG0PMZienk9BSUKgeAqkO2+Lw+1+Ukw==",
			"dev": true,
			"requires": {
				"abstract-leveldown": "~6.2.1",
				"inherits": "^2.0.3"
			}
		},
		"domexception": {
			"version": "1.0.1",
			"resolved": "https://registry.npmjs.org/domexception/-/domexception-1.0.1.tgz",
			"integrity": "sha512-raigMkn7CJNNo6Ihro1fzG7wr3fHuYVytzquZKX5n0yizGsTcYgzdIUwj1X9pK0VvjeihV+XiclP+DjwbsSKug==",
			"dev": true,
			"requires": {
				"webidl-conversions": "^4.0.2"
			}
		},
		"elliptic": {
			"version": "6.5.2",
			"resolved": "https://registry.npmjs.org/elliptic/-/elliptic-6.5.2.tgz",
			"integrity": "sha512-f4x70okzZbIQl/NSRLkI/+tteV/9WqL98zx+SQ69KbXxmVrmjwsNUPn/gYJJ0sHvEak24cZgHIPegRePAtA/xw==",
			"dev": true,
			"requires": {
				"bn.js": "^4.4.0",
				"brorand": "^1.0.1",
				"hash.js": "^1.0.0",
				"hmac-drbg": "^1.0.0",
				"inherits": "^2.0.1",
				"minimalistic-assert": "^1.0.0",
				"minimalistic-crypto-utils": "^1.0.0"
			}
		},
		"errno": {
			"version": "0.1.7",
			"resolved": "https://registry.npmjs.org/errno/-/errno-0.1.7.tgz",
			"integrity": "sha512-MfrRBDWzIWifgq6tJj60gkAwtLNb6sQPlcFrSOflcP1aFmmruKQ2wRnze/8V6kgyz7H3FF8Npzv78mZ7XLLflg==",
			"dev": true,
			"requires": {
				"prr": "~1.0.1"
			}
		},
		"es5-ext": {
			"version": "0.10.53",
			"resolved": "https://registry.npmjs.org/es5-ext/-/es5-ext-0.10.53.tgz",
			"integrity": "sha512-Xs2Stw6NiNHWypzRTY1MtaG/uJlwCk8kH81920ma8mvN8Xq1gsfhZvpkImLQArw8AHnv8MT2I45J3c0R8slE+Q==",
			"requires": {
				"es6-iterator": "~2.0.3",
				"es6-symbol": "~3.1.3",
				"next-tick": "~1.0.0"
			}
		},
		"es6-iterator": {
			"version": "2.0.3",
			"resolved": "https://registry.npmjs.org/es6-iterator/-/es6-iterator-2.0.3.tgz",
			"integrity": "sha1-p96IkUGgWpSwhUQDstCg+/qY87c=",
			"requires": {
				"d": "1",
				"es5-ext": "^0.10.35",
				"es6-symbol": "^3.1.1"
			}
		},
		"es6-promisify": {
			"version": "6.1.0",
			"resolved": "https://registry.npmjs.org/es6-promisify/-/es6-promisify-6.1.0.tgz",
			"integrity": "sha512-jCsk2fpfEFusVv1MDkF4Uf0hAzIKNDMgR6LyOIw6a3jwkN1sCgWzuwgnsHY9YSQ8n8P31HoncvE0LC44cpWTrw==",
			"dev": true
		},
		"es6-symbol": {
			"version": "3.1.3",
			"resolved": "https://registry.npmjs.org/es6-symbol/-/es6-symbol-3.1.3.tgz",
			"integrity": "sha512-NJ6Yn3FuDinBaBRWl/q5X/s4koRHBrgKAu+yGI6JCBeiu3qrcbJhwT2GeR/EXVfylRk8dpQVJoLEFhK+Mu31NA==",
			"requires": {
				"d": "^1.0.1",
				"ext": "^1.1.2"
			}
		},
		"ethers": {
			"version": "4.0.46",
			"resolved": "https://registry.npmjs.org/ethers/-/ethers-4.0.46.tgz",
			"integrity": "sha512-/dPMzzpInhtiip4hKFvsDiJKeRk64IhyA+Po7CtNXneQFSOCYXg8eBFt+jXbxUQyApgWnWOtYxWdfn9+CvvxDA==",
			"dev": true,
			"requires": {
				"aes-js": "3.0.0",
				"bn.js": "^4.4.0",
				"elliptic": "6.5.2",
				"hash.js": "1.1.3",
				"js-sha3": "0.5.7",
				"scrypt-js": "2.0.4",
				"setimmediate": "1.0.4",
				"uuid": "2.0.1",
				"xmlhttprequest": "1.8.0"
			}
		},
		"event-emitter": {
			"version": "0.3.5",
			"resolved": "https://registry.npmjs.org/event-emitter/-/event-emitter-0.3.5.tgz",
			"integrity": "sha1-34xp7vFkeSPHFXuc6DhAYQsCzDk=",
			"requires": {
				"d": "1",
				"es5-ext": "~0.10.14"
			}
		},
		"ext": {
			"version": "1.4.0",
			"resolved": "https://registry.npmjs.org/ext/-/ext-1.4.0.tgz",
			"integrity": "sha512-Key5NIsUxdqKg3vIsdw9dSuXpPCQ297y6wBjL30edxwPgt2E44WcWBZey/ZvUc6sERLTxKdyCu4gZFmUbk1Q7A==",
			"requires": {
				"type": "^2.0.0"
			},
			"dependencies": {
				"type": {
					"version": "2.0.0",
					"resolved": "https://registry.npmjs.org/type/-/type-2.0.0.tgz",
					"integrity": "sha512-KBt58xCHry4Cejnc2ISQAF7QY+ORngsWfxezO68+12hKV6lQY8P/psIkcbjeHWn7MqcgciWJyCCevFMJdIXpow=="
				}
			}
		},
		"fake-indexeddb": {
			"version": "3.0.0",
			"resolved": "https://registry.npmjs.org/fake-indexeddb/-/fake-indexeddb-3.0.0.tgz",
			"integrity": "sha512-VrnV9dJWlVWvd8hp9MMR+JS4RLC4ZmToSkuCg91ZwpYE5mSODb3n5VEaV62Hf3AusnbrPfwQhukU+rGZm5W8PQ==",
			"dev": true,
			"requires": {
				"realistic-structured-clone": "^2.0.1",
				"setimmediate": "^1.0.5"
			},
			"dependencies": {
				"setimmediate": {
					"version": "1.0.5",
					"resolved": "https://registry.npmjs.org/setimmediate/-/setimmediate-1.0.5.tgz",
					"integrity": "sha1-KQy7Iy4waULX1+qbg3Mqt4VvgoU=",
					"dev": true
				}
			}
		},
		"follow-redirects": {
			"version": "1.5.10",
			"resolved": "https://registry.npmjs.org/follow-redirects/-/follow-redirects-1.5.10.tgz",
			"integrity": "sha512-0V5l4Cizzvqt5D44aTXbFZz+FtyXV1vrDN6qrelxtfYQKW0KO0W2T/hkE8xvGa/540LkZlkaUjO4ailYTFtHVQ==",
			"requires": {
				"debug": "=3.1.0"
			}
		},
		"functional-red-black-tree": {
			"version": "1.0.1",
			"resolved": "https://registry.npmjs.org/functional-red-black-tree/-/functional-red-black-tree-1.0.1.tgz",
			"integrity": "sha1-GwqzvVU7Kg1jmdKcDj6gslIHgyc=",
			"dev": true
		},
		"hash.js": {
			"version": "1.1.3",
			"resolved": "https://registry.npmjs.org/hash.js/-/hash.js-1.1.3.tgz",
			"integrity": "sha512-/UETyP0W22QILqS+6HowevwhEFJ3MBJnwTf75Qob9Wz9t0DPuisL8kW8YZMK62dHAKE1c1p+gY1TtOLY+USEHA==",
			"dev": true,
			"requires": {
				"inherits": "^2.0.3",
				"minimalistic-assert": "^1.0.0"
			}
		},
		"hmac-drbg": {
			"version": "1.0.1",
			"resolved": "https://registry.npmjs.org/hmac-drbg/-/hmac-drbg-1.0.1.tgz",
			"integrity": "sha1-0nRXAQJabHdabFRXk+1QL8DGSaE=",
			"dev": true,
			"requires": {
				"hash.js": "^1.0.3",
				"minimalistic-assert": "^1.0.0",
				"minimalistic-crypto-utils": "^1.0.1"
			}
		},
		"immediate": {
			"version": "3.2.3",
			"resolved": "https://registry.npmjs.org/immediate/-/immediate-3.2.3.tgz",
			"integrity": "sha1-0UD6j2FGWb1lQSMwl92qwlzdmRw=",
			"dev": true
		},
		"inherits": {
			"version": "2.0.4",
			"resolved": "https://registry.npmjs.org/inherits/-/inherits-2.0.4.tgz",
			"integrity": "sha512-k/vGaX4/Yla3WzyMCvTQOXYeIHvqOKtnqBduzTHpzpQZzAskKMhZ2K+EnBiSM9zGSoIFeMpXKxa4dYeZIQqewQ==",
			"dev": true
		},
		"js-sha3": {
			"version": "0.5.7",
			"resolved": "https://registry.npmjs.org/js-sha3/-/js-sha3-0.5.7.tgz",
			"integrity": "sha1-DU/9gALVMzqrr0oj7tL2N0yfKOc=",
			"dev": true
		},
		"jsbi": {
			"version": "3.1.2",
			"resolved": "https://registry.npmjs.org/jsbi/-/jsbi-3.1.2.tgz",
			"integrity": "sha512-5nDXo1X9QVaXK/Cpb5VECV9ss1QPbjUuk1qSruHB1PK/g39Sd414K4nci99ElFDZv0vzxDEnKn3o49/Tn9Yagw=="
		},
		"level-concat-iterator": {
			"version": "2.0.1",
			"resolved": "https://registry.npmjs.org/level-concat-iterator/-/level-concat-iterator-2.0.1.tgz",
			"integrity": "sha512-OTKKOqeav2QWcERMJR7IS9CUo1sHnke2C0gkSmcR7QuEtFNLLzHQAvnMw8ykvEcv0Qtkg0p7FOwP1v9e5Smdcw==",
			"dev": true
		},
		"level-errors": {
			"version": "2.0.1",
			"resolved": "https://registry.npmjs.org/level-errors/-/level-errors-2.0.1.tgz",
			"integrity": "sha512-UVprBJXite4gPS+3VznfgDSU8PTRuVX0NXwoWW50KLxd2yw4Y1t2JUR5In1itQnudZqRMT9DlAM3Q//9NCjCFw==",
			"dev": true,
			"requires": {
				"errno": "~0.1.1"
			}
		},
		"level-iterator-stream": {
			"version": "4.0.2",
			"resolved": "https://registry.npmjs.org/level-iterator-stream/-/level-iterator-stream-4.0.2.tgz",
			"integrity": "sha512-ZSthfEqzGSOMWoUGhTXdX9jv26d32XJuHz/5YnuHZzH6wldfWMOVwI9TBtKcya4BKTyTt3XVA0A3cF3q5CY30Q==",
			"dev": true,
			"requires": {
				"inherits": "^2.0.4",
				"readable-stream": "^3.4.0",
				"xtend": "^4.0.2"
			}
		},
		"level-supports": {
			"version": "1.0.1",
			"resolved": "https://registry.npmjs.org/level-supports/-/level-supports-1.0.1.tgz",
			"integrity": "sha512-rXM7GYnW8gsl1vedTJIbzOrRv85c/2uCMpiiCzO2fndd06U/kUXEEU9evYn4zFggBOg36IsBW8LzqIpETwwQzg==",
			"dev": true,
			"requires": {
				"xtend": "^4.0.2"
			}
		},
		"levelup": {
			"version": "4.3.2",
			"resolved": "https://registry.npmjs.org/levelup/-/levelup-4.3.2.tgz",
			"integrity": "sha512-cRTjU4ktWo59wf13PHEiOayHC3n0dOh4i5+FHr4tv4MX9+l7mqETicNq3Aj07HKlLdk0z5muVoDL2RD+ovgiyA==",
			"dev": true,
			"requires": {
				"deferred-leveldown": "~5.3.0",
				"level-errors": "~2.0.0",
				"level-iterator-stream": "~4.0.0",
				"level-supports": "~1.0.0",
				"xtend": "~4.0.0"
			}
		},
		"lodash.sortby": {
			"version": "4.7.0",
			"resolved": "https://registry.npmjs.org/lodash.sortby/-/lodash.sortby-4.7.0.tgz",
			"integrity": "sha1-7dFMgk4sycHgsKG0K7UhBRakJDg=",
			"dev": true
		},
		"ltgt": {
			"version": "2.2.1",
			"resolved": "https://registry.npmjs.org/ltgt/-/ltgt-2.2.1.tgz",
			"integrity": "sha1-81ypHEk/e3PaDgdJUwTxezH4fuU=",
			"dev": true
		},
		"memdown": {
			"version": "5.1.0",
			"resolved": "https://registry.npmjs.org/memdown/-/memdown-5.1.0.tgz",
			"integrity": "sha512-B3J+UizMRAlEArDjWHTMmadet+UKwHd3UjMgGBkZcKAxAYVPS9o0Yeiha4qvz7iGiL2Sb3igUft6p7nbFWctpw==",
			"dev": true,
			"requires": {
				"abstract-leveldown": "~6.2.1",
				"functional-red-black-tree": "~1.0.1",
				"immediate": "~3.2.3",
				"inherits": "~2.0.1",
				"ltgt": "~2.2.0",
				"safe-buffer": "~5.2.0"
			}
		},
		"minimalistic-assert": {
			"version": "1.0.1",
			"resolved": "https://registry.npmjs.org/minimalistic-assert/-/minimalistic-assert-1.0.1.tgz",
			"integrity": "sha512-UtJcAD4yEaGtjPezWuO9wC4nwUnVH/8/Im3yEHQP4b67cXlD/Qr9hdITCU1xDbSEXg2XKNaP8jsReV7vQd00/A==",
			"dev": true
		},
		"minimalistic-crypto-utils": {
			"version": "1.0.1",
			"resolved": "https://registry.npmjs.org/minimalistic-crypto-utils/-/minimalistic-crypto-utils-1.0.1.tgz",
			"integrity": "sha1-9sAMHAsIIkblxNmd+4x8CDsrWCo=",
			"dev": true
		},
		"ms": {
			"version": "2.0.0",
			"resolved": "https://registry.npmjs.org/ms/-/ms-2.0.0.tgz",
			"integrity": "sha1-VgiurfwAvmwpAd9fmGF4jeDVl8g="
		},
		"next-tick": {
			"version": "1.0.0",
			"resolved": "https://registry.npmjs.org/next-tick/-/next-tick-1.0.0.tgz",
			"integrity": "sha1-yobR/ogoFpsBICCOPchCS524NCw="
		},
		"prr": {
			"version": "1.0.1",
			"resolved": "https://registry.npmjs.org/prr/-/prr-1.0.1.tgz",
			"integrity": "sha1-0/wRS6BplaRexok/SEzrHXj19HY=",
			"dev": true
		},
		"punycode": {
			"version": "2.1.1",
			"resolved": "https://registry.npmjs.org/punycode/-/punycode-2.1.1.tgz",
			"integrity": "sha512-XRsRjdf+j5ml+y/6GKHPZbrF/8p2Yga0JPtdqTIY2Xe5ohJPD9saDJJLPvp9+NSBprVvevdXZybnj2cv8OEd0A==",
			"dev": true
		},
		"readable-stream": {
			"version": "3.6.0",
			"resolved": "https://registry.npmjs.org/readable-stream/-/readable-stream-3.6.0.tgz",
			"integrity": "sha512-BViHy7LKeTz4oNnkcLJ+lVSL6vpiFeX6/d3oSH8zCW7UxP2onchk+vTGB143xuFjHS3deTgkKoXXymXqymiIdA==",
			"dev": true,
			"requires": {
				"inherits": "^2.0.3",
				"string_decoder": "^1.1.1",
				"util-deprecate": "^1.0.1"
			}
		},
		"realistic-structured-clone": {
			"version": "2.0.2",
			"resolved": "https://registry.npmjs.org/realistic-structured-clone/-/realistic-structured-clone-2.0.2.tgz",
			"integrity": "sha512-5IEvyfuMJ4tjQOuKKTFNvd+H9GSbE87IcendSBannE28PTrbolgaVg5DdEApRKhtze794iXqVUFKV60GLCNKEg==",
			"dev": true,
			"requires": {
				"core-js": "^2.5.3",
				"domexception": "^1.0.1",
				"typeson": "^5.8.2",
				"typeson-registry": "^1.0.0-alpha.20"
			}
		},
		"safe-buffer": {
			"version": "5.2.0",
			"resolved": "https://registry.npmjs.org/safe-buffer/-/safe-buffer-5.2.0.tgz",
			"integrity": "sha512-fZEwUGbVl7kouZs1jCdMLdt95hdIv0ZeHg6L7qPeciMZhZ+/gdesW4wgTARkrFWEpspjEATAzUGPG8N2jJiwbg==",
			"dev": true
		},
		"scrypt-js": {
			"version": "2.0.4",
			"resolved": "https://registry.npmjs.org/scrypt-js/-/scrypt-js-2.0.4.tgz",
			"integrity": "sha512-4KsaGcPnuhtCZQCxFxN3GVYIhKFPTdLd8PLC552XwbMndtD0cjRFAhDuuydXQ0h08ZfPgzqe6EKHozpuH74iDw==",
			"dev": true
		},
		"setimmediate": {
			"version": "1.0.4",
			"resolved": "https://registry.npmjs.org/setimmediate/-/setimmediate-1.0.4.tgz",
			"integrity": "sha1-IOgd5iLUoCWIzgyNqJc8vPHTE48=",
			"dev": true
		},
		"string_decoder": {
			"version": "1.3.0",
			"resolved": "https://registry.npmjs.org/string_decoder/-/string_decoder-1.3.0.tgz",
			"integrity": "sha512-hkRX8U1WjJFd8LsDJ2yQ/wWWxaopEsABU1XfkM8A+j0+85JAGppt16cr1Whg6KIbb4okU6Mql6BOj+uup/wKeA==",
			"dev": true,
			"requires": {
				"safe-buffer": "~5.2.0"
			}
		},
		"tr46": {
			"version": "1.0.1",
			"resolved": "https://registry.npmjs.org/tr46/-/tr46-1.0.1.tgz",
			"integrity": "sha1-qLE/1r/SSJUZZ0zN5VujaTtwbQk=",
			"dev": true,
			"requires": {
				"punycode": "^2.1.0"
			}
		},
		"type": {
			"version": "1.2.0",
			"resolved": "https://registry.npmjs.org/type/-/type-1.2.0.tgz",
			"integrity": "sha512-+5nt5AAniqsCnu2cEQQdpzCAh33kVx8n0VoFidKpB1dVVLAN/F+bgVOqOJqOnEnrhp222clB5p3vUlD+1QAnfg=="
		},
		"typeson": {
			"version": "5.18.2",
			"resolved": "https://registry.npmjs.org/typeson/-/typeson-5.18.2.tgz",
			"integrity": "sha512-Vetd+OGX05P4qHyHiSLdHZ5Z5GuQDrHHwSdjkqho9NSCYVSLSfRMjklD/unpHH8tXBR9Z/R05rwJSuMpMFrdsw==",
			"dev": true
		},
		"typeson-registry": {
			"version": "1.0.0-alpha.34",
			"resolved": "https://registry.npmjs.org/typeson-registry/-/typeson-registry-1.0.0-alpha.34.tgz",
			"integrity": "sha512-2U0R5eFGJPaqha8HBAICJv6rW2x/cAVHizURHbcAo61Mpd47s+MDn67Ktxoyl9jWgsqCAibZsrldG8v/2ZuCaw==",
			"dev": true,
			"requires": {
				"base64-arraybuffer-es6": "0.5.0",
				"typeson": "5.18.2",
				"whatwg-url": "7.1.0"
			}
		},
		"util-deprecate": {
			"version": "1.0.2",
			"resolved": "https://registry.npmjs.org/util-deprecate/-/util-deprecate-1.0.2.tgz",
			"integrity": "sha1-RQ1Nyfpw3nMnYvvS1KKJgUGaDM8=",
			"dev": true
		},
		"uuid": {
			"version": "2.0.1",
			"resolved": "https://registry.npmjs.org/uuid/-/uuid-2.0.1.tgz",
			"integrity": "sha1-wqMN7bPlNdcsz4LjQ5QaULqFM6w=",
			"dev": true
		},
		"webidl-conversions": {
			"version": "4.0.2",
			"resolved": "https://registry.npmjs.org/webidl-conversions/-/webidl-conversions-4.0.2.tgz",
			"integrity": "sha512-YQ+BmxuTgd6UXZW3+ICGfyqRyHXVlD5GtQr5+qjiNW7bF0cqrzX500HVXPBOvgXb5YnzDd+h0zqyv61KUD7+Sg==",
			"dev": true
		},
		"whatwg-url": {
			"version": "7.1.0",
			"resolved": "https://registry.npmjs.org/whatwg-url/-/whatwg-url-7.1.0.tgz",
			"integrity": "sha512-WUu7Rg1DroM7oQvGWfOiAK21n74Gg+T4elXEQYkOhtyLeWiJFoOGLXPKI/9gzIie9CtwVLm8wtw6YJdKyxSjeg==",
			"dev": true,
			"requires": {
				"lodash.sortby": "^4.7.0",
				"tr46": "^1.0.1",
				"webidl-conversions": "^4.0.2"
			}
		},
		"xmlhttprequest": {
			"version": "1.8.0",
			"resolved": "https://registry.npmjs.org/xmlhttprequest/-/xmlhttprequest-1.8.0.tgz",
			"integrity": "sha1-Z/4HXFwk/vOfnWX197f+dRcZaPw=",
			"dev": true
		},
		"xtend": {
			"version": "4.0.2",
			"resolved": "https://registry.npmjs.org/xtend/-/xtend-4.0.2.tgz",
			"integrity": "sha512-LKYU1iAXJXUgAXn9URjiu+MWhyUXHsvfp7mcuYm9dSUKK0/CjtrUwFAxD82/mCWbtLsGjFIad0wIsod4zrTAEQ==",
			"dev": true
		}
	}
}
