{
	"name": "@cryptoeconomicslab/ovm",
	"version": "0.0.25",
	"lockfileVersion": 1,
	"requires": true,
	"dependencies": {
		"@cryptoeconomicslab/coder": {
			"version": "0.0.10",
			"resolved": "https://registry.npmjs.org/@cryptoeconomicslab/coder/-/coder-0.0.10.tgz",
			"integrity": "sha512-Joa3PX1ExMTC6lNOkKPLN2USZmoiM5ccPKI+AXS5etxdppFlYqI6Y847qV2y4z3WOtClQy6wcSv1zugt1i6Dfg=="
		},
		"@cryptoeconomicslab/context": {
			"version": "0.0.10",
			"resolved": "https://registry.npmjs.org/@cryptoeconomicslab/context/-/context-0.0.10.tgz",
			"integrity": "sha512-xDK0bmLam/TTlxtXw9JfeNRqvW9/Yrcx7efcalvURpEFgbonUFxK6s+u9J/a/e62qc2X9nYV+rrHikCOAEkYAQ=="
		},
		"@cryptoeconomicslab/level-kvs": {
			"version": "0.0.3",
			"resolved": "https://registry.npmjs.org/@cryptoeconomicslab/level-kvs/-/level-kvs-0.0.3.tgz",
			"integrity": "sha512-2rb6pfwx2XcwNlwia6r4X5AKJZ9wg41hTvt1u1mPj3BtfoqnwmdP/xIlZCkdcrp5XPGi2z8yIhQ/UPKdXRM/8g==",
			"dev": true,
			"requires": {
				"levelup": "^4.3.2",
				"memdown": "^5.1.0"
			}
		},
		"@cryptoeconomicslab/ovm-parser": {
			"version": "0.2.5",
			"resolved": "https://registry.npmjs.org/@cryptoeconomicslab/ovm-parser/-/ovm-parser-0.2.5.tgz",
			"integrity": "sha512-DitTaBTl4w9gBqmFs5Oxi2vcZnZFSllbdcTZkC3zuh+qXl76Y/xhcC8OYZIpLotU3f7lIM7tZzYjW9bsfdroBg==",
			"requires": {
				"pegjs": "^0.10.0",
				"tslib": "^1.10.0"
			}
		},
		"@cryptoeconomicslab/ovm-transpiler": {
			"version": "0.2.7",
			"resolved": "https://registry.npmjs.org/@cryptoeconomicslab/ovm-transpiler/-/ovm-transpiler-0.2.7.tgz",
			"integrity": "sha512-Kd8fLPbtSopVgKvIISV92D+DquQGzEfW8TvrFcWPHp0JI+Fgr3RNA/KR6aYfabtPakP5QfJ58EnNGn6YkvFRJQ==",
			"requires": {
				"@cryptoeconomicslab/coder": "0.0.10",
				"@cryptoeconomicslab/context": "0.0.10",
				"@cryptoeconomicslab/ovm-parser": "^0.2.5",
				"@cryptoeconomicslab/primitives": "0.0.10",
				"tslib": "^1.10.0"
			}
		},
		"@cryptoeconomicslab/primitives": {
			"version": "0.0.10",
			"resolved": "https://registry.npmjs.org/@cryptoeconomicslab/primitives/-/primitives-0.0.10.tgz",
			"integrity": "sha512-waxUoYWAve9CAqr12ZXAhQxzpDv7ly19j3WH3BzCaUpXE68FG7m5a1/h4UvPpEQp3BMnaFVQ09ACNVOBe3nxtg==",
			"requires": {
				"text-encoding": "^0.7.0"
			}
		},
		"abstract-leveldown": {
			"version": "6.2.2",
			"resolved": "https://registry.npmjs.org/abstract-leveldown/-/abstract-leveldown-6.2.2.tgz",
			"integrity": "sha512-/a+Iwj0rn//CX0EJOasNyZJd2o8xur8Ce9C57Sznti/Ilt/cb6Qd8/k98A4ZOklXgTG+iAYYUs1OTG0s1eH+zQ==",
			"dev": true,
			"requires": {
				"level-concat-iterator": "~2.0.0",
				"level-supports": "~1.0.0",
				"xtend": "~4.0.0"
			}
		},
		"aes-js": {
			"version": "3.0.0",
			"resolved": "https://registry.npmjs.org/aes-js/-/aes-js-3.0.0.tgz",
			"integrity": "sha1-4h3xCtbCBTKVvLuNq0Cwnb6ofk0="
		},
		"bn.js": {
			"version": "4.11.8",
			"resolved": "https://registry.npmjs.org/bn.js/-/bn.js-4.11.8.tgz",
			"integrity": "sha512-ItfYfPLkWHUjckQCk8xC+LwxgK8NYcXywGigJgSwOP8Y2iyWT4f2vsZnoOXTTbo+o5yXmIUJ4gn5538SO5S3gA=="
		},
		"brorand": {
			"version": "1.1.0",
			"resolved": "https://registry.npmjs.org/brorand/-/brorand-1.1.0.tgz",
			"integrity": "sha1-EsJe/kCkXjwyPrhnWgoM5XsiNx8="
		},
		"deferred-leveldown": {
			"version": "5.3.0",
			"resolved": "https://registry.npmjs.org/deferred-leveldown/-/deferred-leveldown-5.3.0.tgz",
			"integrity": "sha512-a59VOT+oDy7vtAbLRCZwWgxu2BaCfd5Hk7wxJd48ei7I+nsg8Orlb9CLG0PMZienk9BSUKgeAqkO2+Lw+1+Ukw==",
			"dev": true,
			"requires": {
				"abstract-leveldown": "~6.2.1",
				"inherits": "^2.0.3"
			}
		},
		"elliptic": {
			"version": "6.5.2",
			"resolved": "https://registry.npmjs.org/elliptic/-/elliptic-6.5.2.tgz",
			"integrity": "sha512-f4x70okzZbIQl/NSRLkI/+tteV/9WqL98zx+SQ69KbXxmVrmjwsNUPn/gYJJ0sHvEak24cZgHIPegRePAtA/xw==",
			"requires": {
				"bn.js": "^4.4.0",
				"brorand": "^1.0.1",
				"hash.js": "^1.0.0",
				"hmac-drbg": "^1.0.0",
				"inherits": "^2.0.1",
				"minimalistic-assert": "^1.0.0",
				"minimalistic-crypto-utils": "^1.0.0"
			}
		},
		"errno": {
			"version": "0.1.7",
			"resolved": "https://registry.npmjs.org/errno/-/errno-0.1.7.tgz",
			"integrity": "sha512-MfrRBDWzIWifgq6tJj60gkAwtLNb6sQPlcFrSOflcP1aFmmruKQ2wRnze/8V6kgyz7H3FF8Npzv78mZ7XLLflg==",
			"dev": true,
			"requires": {
				"prr": "~1.0.1"
			}
		},
		"ethers": {
			"version": "4.0.43",
			"resolved": "https://registry.npmjs.org/ethers/-/ethers-4.0.43.tgz",
			"integrity": "sha512-VjQRVgPrlU12jSMvypdE1yEqYQccdVbH8bbiz67dLF7raHlRV4+zW70GlxHcZYqgsnz0XYWrn6C06gqTQRb5tw==",
			"requires": {
				"aes-js": "3.0.0",
				"bn.js": "^4.4.0",
				"elliptic": "6.5.2",
				"hash.js": "1.1.3",
				"js-sha3": "0.5.7",
				"scrypt-js": "2.0.4",
				"setimmediate": "1.0.4",
				"uuid": "2.0.1",
				"xmlhttprequest": "1.8.0"
			}
		},
		"functional-red-black-tree": {
			"version": "1.0.1",
			"resolved": "https://registry.npmjs.org/functional-red-black-tree/-/functional-red-black-tree-1.0.1.tgz",
			"integrity": "sha1-GwqzvVU7Kg1jmdKcDj6gslIHgyc=",
			"dev": true
		},
		"hash.js": {
			"version": "1.1.3",
			"resolved": "https://registry.npmjs.org/hash.js/-/hash.js-1.1.3.tgz",
			"integrity": "sha512-/UETyP0W22QILqS+6HowevwhEFJ3MBJnwTf75Qob9Wz9t0DPuisL8kW8YZMK62dHAKE1c1p+gY1TtOLY+USEHA==",
			"requires": {
				"inherits": "^2.0.3",
				"minimalistic-assert": "^1.0.0"
			}
		},
		"hmac-drbg": {
			"version": "1.0.1",
			"resolved": "https://registry.npmjs.org/hmac-drbg/-/hmac-drbg-1.0.1.tgz",
			"integrity": "sha1-0nRXAQJabHdabFRXk+1QL8DGSaE=",
			"requires": {
				"hash.js": "^1.0.3",
				"minimalistic-assert": "^1.0.0",
				"minimalistic-crypto-utils": "^1.0.1"
			}
		},
		"immediate": {
			"version": "3.2.3",
			"resolved": "https://registry.npmjs.org/immediate/-/immediate-3.2.3.tgz",
			"integrity": "sha1-0UD6j2FGWb1lQSMwl92qwlzdmRw=",
			"dev": true
		},
		"inherits": {
			"version": "2.0.4",
			"resolved": "https://registry.npmjs.org/inherits/-/inherits-2.0.4.tgz",
			"integrity": "sha512-k/vGaX4/Yla3WzyMCvTQOXYeIHvqOKtnqBduzTHpzpQZzAskKMhZ2K+EnBiSM9zGSoIFeMpXKxa4dYeZIQqewQ=="
		},
		"js-sha3": {
			"version": "0.5.7",
			"resolved": "https://registry.npmjs.org/js-sha3/-/js-sha3-0.5.7.tgz",
			"integrity": "sha1-DU/9gALVMzqrr0oj7tL2N0yfKOc="
		},
		"jsbi": {
			"version": "3.1.1",
			"resolved": "https://registry.npmjs.org/jsbi/-/jsbi-3.1.1.tgz",
			"integrity": "sha512-+HQESPaV0mRiH614z4JPVPAftcRC2p53x92lySPzUzFwJbJTMpzHz8OYUkcXPN3fOcHUe0NdVcHnCtX/1+eCrA=="
		},
		"level-concat-iterator": {
			"version": "2.0.1",
			"resolved": "https://registry.npmjs.org/level-concat-iterator/-/level-concat-iterator-2.0.1.tgz",
			"integrity": "sha512-OTKKOqeav2QWcERMJR7IS9CUo1sHnke2C0gkSmcR7QuEtFNLLzHQAvnMw8ykvEcv0Qtkg0p7FOwP1v9e5Smdcw==",
			"dev": true
		},
		"level-errors": {
			"version": "2.0.1",
			"resolved": "https://registry.npmjs.org/level-errors/-/level-errors-2.0.1.tgz",
			"integrity": "sha512-UVprBJXite4gPS+3VznfgDSU8PTRuVX0NXwoWW50KLxd2yw4Y1t2JUR5In1itQnudZqRMT9DlAM3Q//9NCjCFw==",
			"dev": true,
			"requires": {
				"errno": "~0.1.1"
			}
		},
		"level-iterator-stream": {
			"version": "4.0.2",
			"resolved": "https://registry.npmjs.org/level-iterator-stream/-/level-iterator-stream-4.0.2.tgz",
			"integrity": "sha512-ZSthfEqzGSOMWoUGhTXdX9jv26d32XJuHz/5YnuHZzH6wldfWMOVwI9TBtKcya4BKTyTt3XVA0A3cF3q5CY30Q==",
			"dev": true,
			"requires": {
				"inherits": "^2.0.4",
				"readable-stream": "^3.4.0",
				"xtend": "^4.0.2"
			}
		},
		"level-supports": {
			"version": "1.0.1",
			"resolved": "https://registry.npmjs.org/level-supports/-/level-supports-1.0.1.tgz",
			"integrity": "sha512-rXM7GYnW8gsl1vedTJIbzOrRv85c/2uCMpiiCzO2fndd06U/kUXEEU9evYn4zFggBOg36IsBW8LzqIpETwwQzg==",
			"dev": true,
			"requires": {
				"xtend": "^4.0.2"
			}
		},
		"levelup": {
			"version": "4.3.2",
			"resolved": "https://registry.npmjs.org/levelup/-/levelup-4.3.2.tgz",
			"integrity": "sha512-cRTjU4ktWo59wf13PHEiOayHC3n0dOh4i5+FHr4tv4MX9+l7mqETicNq3Aj07HKlLdk0z5muVoDL2RD+ovgiyA==",
			"dev": true,
			"requires": {
				"deferred-leveldown": "~5.3.0",
				"level-errors": "~2.0.0",
				"level-iterator-stream": "~4.0.0",
				"level-supports": "~1.0.0",
				"xtend": "~4.0.0"
			}
		},
		"ltgt": {
			"version": "2.2.1",
			"resolved": "https://registry.npmjs.org/ltgt/-/ltgt-2.2.1.tgz",
			"integrity": "sha1-81ypHEk/e3PaDgdJUwTxezH4fuU=",
			"dev": true
		},
		"memdown": {
			"version": "5.1.0",
			"resolved": "https://registry.npmjs.org/memdown/-/memdown-5.1.0.tgz",
			"integrity": "sha512-B3J+UizMRAlEArDjWHTMmadet+UKwHd3UjMgGBkZcKAxAYVPS9o0Yeiha4qvz7iGiL2Sb3igUft6p7nbFWctpw==",
			"dev": true,
			"requires": {
				"abstract-leveldown": "~6.2.1",
				"functional-red-black-tree": "~1.0.1",
				"immediate": "~3.2.3",
				"inherits": "~2.0.1",
				"ltgt": "~2.2.0",
				"safe-buffer": "~5.2.0"
			}
		},
		"minimalistic-assert": {
			"version": "1.0.1",
			"resolved": "https://registry.npmjs.org/minimalistic-assert/-/minimalistic-assert-1.0.1.tgz",
			"integrity": "sha512-UtJcAD4yEaGtjPezWuO9wC4nwUnVH/8/Im3yEHQP4b67cXlD/Qr9hdITCU1xDbSEXg2XKNaP8jsReV7vQd00/A=="
		},
		"minimalistic-crypto-utils": {
			"version": "1.0.1",
			"resolved": "https://registry.npmjs.org/minimalistic-crypto-utils/-/minimalistic-crypto-utils-1.0.1.tgz",
			"integrity": "sha1-9sAMHAsIIkblxNmd+4x8CDsrWCo="
		},
		"pegjs": {
			"version": "0.10.0",
			"resolved": "https://registry.npmjs.org/pegjs/-/pegjs-0.10.0.tgz",
			"integrity": "sha1-z4uvrm7d/0tafvsYUmnqr0YQ3b0="
		},
		"prr": {
			"version": "1.0.1",
			"resolved": "https://registry.npmjs.org/prr/-/prr-1.0.1.tgz",
			"integrity": "sha1-0/wRS6BplaRexok/SEzrHXj19HY=",
			"dev": true
		},
		"readable-stream": {
			"version": "3.5.0",
			"resolved": "https://registry.npmjs.org/readable-stream/-/readable-stream-3.5.0.tgz",
			"integrity": "sha512-gSz026xs2LfxBPudDuI41V1lka8cxg64E66SGe78zJlsUofOg/yqwezdIcdfwik6B4h8LFmWPA9ef9X3FiNFLA==",
			"dev": true,
			"requires": {
				"inherits": "^2.0.3",
				"string_decoder": "^1.1.1",
				"util-deprecate": "^1.0.1"
			}
		},
		"safe-buffer": {
			"version": "5.2.0",
			"resolved": "https://registry.npmjs.org/safe-buffer/-/safe-buffer-5.2.0.tgz",
			"integrity": "sha512-fZEwUGbVl7kouZs1jCdMLdt95hdIv0ZeHg6L7qPeciMZhZ+/gdesW4wgTARkrFWEpspjEATAzUGPG8N2jJiwbg==",
			"dev": true
		},
		"scrypt-js": {
			"version": "2.0.4",
			"resolved": "https://registry.npmjs.org/scrypt-js/-/scrypt-js-2.0.4.tgz",
			"integrity": "sha512-4KsaGcPnuhtCZQCxFxN3GVYIhKFPTdLd8PLC552XwbMndtD0cjRFAhDuuydXQ0h08ZfPgzqe6EKHozpuH74iDw=="
		},
		"setimmediate": {
			"version": "1.0.4",
			"resolved": "https://registry.npmjs.org/setimmediate/-/setimmediate-1.0.4.tgz",
			"integrity": "sha1-IOgd5iLUoCWIzgyNqJc8vPHTE48="
		},
		"string_decoder": {
			"version": "1.3.0",
			"resolved": "https://registry.npmjs.org/string_decoder/-/string_decoder-1.3.0.tgz",
			"integrity": "sha512-hkRX8U1WjJFd8LsDJ2yQ/wWWxaopEsABU1XfkM8A+j0+85JAGppt16cr1Whg6KIbb4okU6Mql6BOj+uup/wKeA==",
			"dev": true,
			"requires": {
				"safe-buffer": "~5.2.0"
			}
		},
		"text-encoding": {
			"version": "0.7.0",
			"resolved": "https://registry.npmjs.org/text-encoding/-/text-encoding-0.7.0.tgz",
			"integrity": "sha512-oJQ3f1hrOnbRLOcwKz0Liq2IcrvDeZRHXhd9RgLrsT+DjWY/nty1Hi7v3dtkaEYbPYe0mUoOfzRrMwfXXwgPUA=="
		},
		"tslib": {
			"version": "1.10.0",
			"resolved": "https://registry.npmjs.org/tslib/-/tslib-1.10.0.tgz",
			"integrity": "sha512-qOebF53frne81cf0S9B41ByenJ3/IuH8yJKngAX35CmiZySA0khhkovshKK+jGCaMnVomla7gVlIcc3EvKPbTQ=="
		},
		"util-deprecate": {
			"version": "1.0.2",
			"resolved": "https://registry.npmjs.org/util-deprecate/-/util-deprecate-1.0.2.tgz",
			"integrity": "sha1-RQ1Nyfpw3nMnYvvS1KKJgUGaDM8=",
			"dev": true
		},
		"uuid": {
			"version": "2.0.1",
			"resolved": "https://registry.npmjs.org/uuid/-/uuid-2.0.1.tgz",
			"integrity": "sha1-wqMN7bPlNdcsz4LjQ5QaULqFM6w="
		},
		"xmlhttprequest": {
			"version": "1.8.0",
			"resolved": "https://registry.npmjs.org/xmlhttprequest/-/xmlhttprequest-1.8.0.tgz",
			"integrity": "sha1-Z/4HXFwk/vOfnWX197f+dRcZaPw="
		},
		"xtend": {
			"version": "4.0.2",
			"resolved": "https://registry.npmjs.org/xtend/-/xtend-4.0.2.tgz",
			"integrity": "sha512-LKYU1iAXJXUgAXn9URjiu+MWhyUXHsvfp7mcuYm9dSUKK0/CjtrUwFAxD82/mCWbtLsGjFIad0wIsod4zrTAEQ==",
			"dev": true
		}
	}
}
